{
  "originHash" : "a72b37d142139a9f8de021ec1a2d4e7ec2a7ffc9ebc87493f58bac80a85691cb",
  "pins" : [
    {
      "identity" : "sentry-cocoa",
      "kind" : "remoteSourceControl",
      "location" : "https://github.com/getsentry/sentry-cocoa",
      "state" : {
        "revision" : "7fc7ca43967e2980d8691a8e017c118a84133aac",
        "version" : "8.26.0"
      }
    }
  ],
  "version" : 3
}
