// !$*UTF8*$!
{
	archiveVersion = 1;
	classes = {
	};
	objectVersion = 70;
	objects = {

/* Begin PBXBuildFile section */
		F6017E7C2C2C3C1A00929507 /* LocalNotificationManager.swift in Sources */ = {isa = PBXBuildFile; fileRef = F6017E7A2C2C3C1400929507 /* LocalNotificationManager.swift */; };
		F6017E7D2C2C3C1A00929507 /* LocalNotificationManager.swift in Sources */ = {isa = PBXBuildFile; fileRef = F6017E7A2C2C3C1400929507 /* LocalNotificationManager.swift */; };
		F6017E802C2C3F8900929507 /* LocalNotification.swift in Sources */ = {isa = PBXBuildFile; fileRef = F6017E7F2C2C3F8400929507 /* LocalNotification.swift */; };
		F6017E812C2C3F8900929507 /* LocalNotification.swift in Sources */ = {isa = PBXBuildFile; fileRef = F6017E7F2C2C3F8400929507 /* LocalNotification.swift */; };
		F6017E822C2C3F8900929507 /* LocalNotification.swift in Sources */ = {isa = PBXBuildFile; fileRef = F6017E7F2C2C3F8400929507 /* LocalNotification.swift */; };
		F60B29A42B8F837500E41091 /* NewsView.swift in Sources */ = {isa = PBXBuildFile; fileRef = F60B29A32B8F837500E41091 /* NewsView.swift */; };
		F60B29AD2B8F91F900E41091 /* Solar Analogue.watchface in Resources */ = {isa = PBXBuildFile; fileRef = F60B29AC2B8F91F900E41091 /* Solar Analogue.watchface */; };
		F60B29AE2B8F91F900E41091 /* Solar Analogue.watchface in Resources */ = {isa = PBXBuildFile; fileRef = F60B29AC2B8F91F900E41091 /* Solar Analogue.watchface */; };
		F60B29B22B8F9C1E00E41091 /* ClimateClockData.swift in Sources */ = {isa = PBXBuildFile; fileRef = F60B29B12B8F9C1E00E41091 /* ClimateClockData.swift */; };
		F60B29B32B8F9C1E00E41091 /* ClimateClockData.swift in Sources */ = {isa = PBXBuildFile; fileRef = F60B29B12B8F9C1E00E41091 /* ClimateClockData.swift */; };
		F6130CE02C3563D0007908E3 /* WidgetTitle.swift in Sources */ = {isa = PBXBuildFile; fileRef = F6130CDF2C3563CC007908E3 /* WidgetTitle.swift */; };
		F6130CE32C3572D4007908E3 /* DeadlineWidget.swift in Sources */ = {isa = PBXBuildFile; fileRef = F6130CE22C3572D0007908E3 /* DeadlineWidget.swift */; };
		F6256D8D2BF39FE10012FD30 /* Client.swift in Sources */ = {isa = PBXBuildFile; fileRef = F6256D8C2BF39FE10012FD30 /* Client.swift */; };
		F6256D8E2BF39FE10012FD30 /* Client.swift in Sources */ = {isa = PBXBuildFile; fileRef = F6256D8C2BF39FE10012FD30 /* Client.swift */; };
		F6256D952BF3B2200012FD30 /* DataModels.swift in Sources */ = {isa = PBXBuildFile; fileRef = F6256D942BF3B2200012FD30 /* DataModels.swift */; };
		F6256D962BF3B2200012FD30 /* DataModels.swift in Sources */ = {isa = PBXBuildFile; fileRef = F6256D942BF3B2200012FD30 /* DataModels.swift */; };
		F6256D9B2BF3BB310012FD30 /* LifeLineCell.swift in Sources */ = {isa = PBXBuildFile; fileRef = F6256D9A2BF3BB310012FD30 /* LifeLineCell.swift */; };
		F6256D9D2BF4ABE80012FD30 /* LifeLineGoal.swift in Sources */ = {isa = PBXBuildFile; fileRef = F6256D9C2BF4ABE80012FD30 /* LifeLineGoal.swift */; };
		F6256DA02BF4BE170012FD30 /* TabTitleLayout.swift in Sources */ = {isa = PBXBuildFile; fileRef = F6256D9F2BF4BE170012FD30 /* TabTitleLayout.swift */; };
		F62A7A582B48700A002A7E25 /* ClimateClockApp.swift in Sources */ = {isa = PBXBuildFile; fileRef = F62A7A572B48700A002A7E25 /* ClimateClockApp.swift */; };
		F62A7A5A2B48700A002A7E25 /* ContentView.swift in Sources */ = {isa = PBXBuildFile; fileRef = F62A7A592B48700A002A7E25 /* ContentView.swift */; };
		F62A7A5C2B48700B002A7E25 /* Assets.xcassets in Resources */ = {isa = PBXBuildFile; fileRef = F62A7A5B2B48700B002A7E25 /* Assets.xcassets */; };
		F62A7A5F2B48700B002A7E25 /* Preview Assets.xcassets in Resources */ = {isa = PBXBuildFile; fileRef = F62A7A5E2B48700B002A7E25 /* Preview Assets.xcassets */; };
		F62A7A652B48700B002A7E25 /* ClimateClock Watch App.app in Embed Watch Content */ = {isa = PBXBuildFile; fileRef = F62A7A642B48700B002A7E25 /* ClimateClock Watch App.app */; settings = {ATTRIBUTES = (RemoveHeadersOnCopy, ); }; };
		F62A7A6A2B48700B002A7E25 /* App.ClimateClock.swift in Sources */ = {isa = PBXBuildFile; fileRef = F62A7A692B48700B002A7E25 /* App.ClimateClock.swift */; };
		F62A7A6C2B48700B002A7E25 /* ContentView.swift in Sources */ = {isa = PBXBuildFile; fileRef = F62A7A6B2B48700B002A7E25 /* ContentView.swift */; };
		F62A7A6E2B48700C002A7E25 /* Assets.xcassets in Resources */ = {isa = PBXBuildFile; fileRef = F62A7A6D2B48700C002A7E25 /* Assets.xcassets */; };
		F62A7A712B48700C002A7E25 /* Preview Assets.xcassets in Resources */ = {isa = PBXBuildFile; fileRef = F62A7A702B48700C002A7E25 /* Preview Assets.xcassets */; };
		F62EED5C2BBB2E5C00352E46 /* NetworkManager.swift in Sources */ = {isa = PBXBuildFile; fileRef = F62EED592BBB2E5C00352E46 /* NetworkManager.swift */; };
		F62EED5D2BBB2E5C00352E46 /* NetworkManager.swift in Sources */ = {isa = PBXBuildFile; fileRef = F62EED592BBB2E5C00352E46 /* NetworkManager.swift */; };
		F62EED5F2BBB2E5C00352E46 /* CCError.swift in Sources */ = {isa = PBXBuildFile; fileRef = F62EED5A2BBB2E5C00352E46 /* CCError.swift */; };
		F62EED602BBB2E5C00352E46 /* CCError.swift in Sources */ = {isa = PBXBuildFile; fileRef = F62EED5A2BBB2E5C00352E46 /* CCError.swift */; };
		F643B9502B8F7536006D1AC5 /* LifelineView.swift in Sources */ = {isa = PBXBuildFile; fileRef = F643B94F2B8F7536006D1AC5 /* LifelineView.swift */; };
		F6579C6F2C2043AB003F037D /* WidgetKit.framework in Frameworks */ = {isa = PBXBuildFile; fileRef = F62A7A812B487048002A7E25 /* WidgetKit.framework */; };
		F6579C702C2043AB003F037D /* SwiftUI.framework in Frameworks */ = {isa = PBXBuildFile; fileRef = F62A7A832B487048002A7E25 /* SwiftUI.framework */; };
		F6579C732C2043AB003F037D /* ClimateClockWidgets.swift in Sources */ = {isa = PBXBuildFile; fileRef = F6579C722C2043AB003F037D /* ClimateClockWidgets.swift */; };
		F6579C752C2043AC003F037D /* Assets.xcassets in Resources */ = {isa = PBXBuildFile; fileRef = F6579C742C2043AC003F037D /* Assets.xcassets */; };
		F6579C792C2043AC003F037D /* watchWidgets.appex in Embed Foundation Extensions */ = {isa = PBXBuildFile; fileRef = F6579C6E2C2043AB003F037D /* watchWidgets.appex */; settings = {ATTRIBUTES = (RemoveHeadersOnCopy, ); }; };
		F6579C7F2C204581003F037D /* RenewablesWidget.swift in Sources */ = {isa = PBXBuildFile; fileRef = F6BBABF12BF7C9530090780B /* RenewablesWidget.swift */; };
		F6579C802C20462D003F037D /* OswaldVF.ttf in Resources */ = {isa = PBXBuildFile; fileRef = F6CCBC9E2BD11B7600EB80C2 /* OswaldVF.ttf */; };
		F6579C812C204632003F037D /* Assistant-VariableFont_wght.ttf in Resources */ = {isa = PBXBuildFile; fileRef = F6D315E62BBDB9E500C75299 /* Assistant-VariableFont_wght.ttf */; };
		F6579C822C2047DC003F037D /* NewsWidget.swift in Sources */ = {isa = PBXBuildFile; fileRef = F6BBABE02BF7BCD20090780B /* NewsWidget.swift */; };
		F6579C832C204820003F037D /* RelativeTimeCell.swift in Sources */ = {isa = PBXBuildFile; fileRef = F6BBABE42BF7BF240090780B /* RelativeTimeCell.swift */; };
		F6579C842C204876003F037D /* SharedAssets.xcassets in Resources */ = {isa = PBXBuildFile; fileRef = F6BBABE82BF7BF650090780B /* SharedAssets.xcassets */; };
		F6579C852C20488A003F037D /* Client.swift in Sources */ = {isa = PBXBuildFile; fileRef = F6256D8C2BF39FE10012FD30 /* Client.swift */; };
		F6579C862C2048A4003F037D /* NetworkManager.swift in Sources */ = {isa = PBXBuildFile; fileRef = F62EED592BBB2E5C00352E46 /* NetworkManager.swift */; };
		F6579C872C2048AC003F037D /* ClimateClockData.swift in Sources */ = {isa = PBXBuildFile; fileRef = F60B29B12B8F9C1E00E41091 /* ClimateClockData.swift */; };
		F6579C882C2048B1003F037D /* DataModels.swift in Sources */ = {isa = PBXBuildFile; fileRef = F6256D942BF3B2200012FD30 /* DataModels.swift */; };
		F6579C892C2048B7003F037D /* Locale+TimeFormat.swift in Sources */ = {isa = PBXBuildFile; fileRef = F6EF80DB2C0763DB001996C9 /* Locale+TimeFormat.swift */; };
		F6579C8A2C2048BE003F037D /* CCError.swift in Sources */ = {isa = PBXBuildFile; fileRef = F62EED5A2BBB2E5C00352E46 /* CCError.swift */; };
		F6579C8C2C20AC64003F037D /* ToolbarButton.swift in Sources */ = {isa = PBXBuildFile; fileRef = F6579C8B2C20AC64003F037D /* ToolbarButton.swift */; };
		F668F6E12C32B79F0083448E /* AboutView.swift in Sources */ = {isa = PBXBuildFile; fileRef = F668F6E02C32B79C0083448E /* AboutView.swift */; };
		F672CA452B7D4F4100FAA4B4 /* DeadlineView.swift in Sources */ = {isa = PBXBuildFile; fileRef = F672CA442B7D4F4100FAA4B4 /* DeadlineView.swift */; };
		F673949E2BBC3FD900B7258D /* Alert.swift in Sources */ = {isa = PBXBuildFile; fileRef = F673949D2BBC3FD900B7258D /* Alert.swift */; };
		F67505072C358B3200351101 /* DirectusData.swift in Sources */ = {isa = PBXBuildFile; fileRef = F67505062C358B2E00351101 /* DirectusData.swift */; };
		F67505082C358B3200351101 /* DirectusData.swift in Sources */ = {isa = PBXBuildFile; fileRef = F67505062C358B2E00351101 /* DirectusData.swift */; };
		F67505092C358B3200351101 /* DirectusData.swift in Sources */ = {isa = PBXBuildFile; fileRef = F67505062C358B2E00351101 /* DirectusData.swift */; };
		F67BD6802B7D2C590015ECBE /* Graph.swift in Sources */ = {isa = PBXBuildFile; fileRef = F67BD67F2B7D2C590015ECBE /* Graph.swift */; };
		F6A15DC22C230702006A5643 /* NavigationLinkItem.swift in Sources */ = {isa = PBXBuildFile; fileRef = F6A15DC12C230702006A5643 /* NavigationLinkItem.swift */; };
		F6BBABE52BF7BF240090780B /* RelativeTimeCell.swift in Sources */ = {isa = PBXBuildFile; fileRef = F6BBABE42BF7BF240090780B /* RelativeTimeCell.swift */; };
		F6BBABE62BF7BF240090780B /* RelativeTimeCell.swift in Sources */ = {isa = PBXBuildFile; fileRef = F6BBABE42BF7BF240090780B /* RelativeTimeCell.swift */; };
		F6BBABE92BF7BF650090780B /* SharedAssets.xcassets in Resources */ = {isa = PBXBuildFile; fileRef = F6BBABE82BF7BF650090780B /* SharedAssets.xcassets */; };
		F6BBABEA2BF7BF650090780B /* SharedAssets.xcassets in Resources */ = {isa = PBXBuildFile; fileRef = F6BBABE82BF7BF650090780B /* SharedAssets.xcassets */; };
		F6C570952B7D00240001DCE7 /* GraphView.swift in Sources */ = {isa = PBXBuildFile; fileRef = F6C570942B7D00240001DCE7 /* GraphView.swift */; };
		F6C570972B7D00320001DCE7 /* GraphViewModel.swift in Sources */ = {isa = PBXBuildFile; fileRef = F6C570962B7D00320001DCE7 /* GraphViewModel.swift */; };
		F6C5709A2B7D027C0001DCE7 /* PredictionModel.swift in Sources */ = {isa = PBXBuildFile; fileRef = F6C570992B7D027C0001DCE7 /* PredictionModel.swift */; };
		F6CCBC9F2BD11B7600EB80C2 /* OswaldVF.ttf in Resources */ = {isa = PBXBuildFile; fileRef = F6CCBC9E2BD11B7600EB80C2 /* OswaldVF.ttf */; };
		F6CCBCA02BD11B7600EB80C2 /* OswaldVF.ttf in Resources */ = {isa = PBXBuildFile; fileRef = F6CCBC9E2BD11B7600EB80C2 /* OswaldVF.ttf */; };
		F6CCBCA32BD170F700EB80C2 /* TabTitle.swift in Sources */ = {isa = PBXBuildFile; fileRef = F6CCBCA22BD170F700EB80C2 /* TabTitle.swift */; };
		F6D315E12BBD85FD00C75299 /* NewsListItem.swift in Sources */ = {isa = PBXBuildFile; fileRef = F6D315E02BBD85FD00C75299 /* NewsListItem.swift */; };
		F6D315E72BBDB9E500C75299 /* Assistant-VariableFont_wght.ttf in Resources */ = {isa = PBXBuildFile; fileRef = F6D315E62BBDB9E500C75299 /* Assistant-VariableFont_wght.ttf */; };
		F6D315E82BBDB9E500C75299 /* Assistant-VariableFont_wght.ttf in Resources */ = {isa = PBXBuildFile; fileRef = F6D315E62BBDB9E500C75299 /* Assistant-VariableFont_wght.ttf */; };
		F6D315EC2BBDC34E00C75299 /* NotificationManager.swift in Sources */ = {isa = PBXBuildFile; fileRef = F6D315EB2BBDC34E00C75299 /* NotificationManager.swift */; };
		F6D315ED2BBDC34E00C75299 /* NotificationManager.swift in Sources */ = {isa = PBXBuildFile; fileRef = F6D315EB2BBDC34E00C75299 /* NotificationManager.swift */; };
		F6D503A22C3E96D600DE50C9 /* StyledText.swift in Sources */ = {isa = PBXBuildFile; fileRef = F6D503A12C3E96D600DE50C9 /* StyledText.swift */; };
		F6D503A32C3E96D600DE50C9 /* StyledText.swift in Sources */ = {isa = PBXBuildFile; fileRef = F6D503A12C3E96D600DE50C9 /* StyledText.swift */; };
		F6EF80D72C0757E5001996C9 /* NotificationSettings.swift in Sources */ = {isa = PBXBuildFile; fileRef = F6EF80D62C0757E5001996C9 /* NotificationSettings.swift */; };
		F6EF80D92C075D15001996C9 /* NotificationTimeSetter.swift in Sources */ = {isa = PBXBuildFile; fileRef = F6EF80D82C075D15001996C9 /* NotificationTimeSetter.swift */; };
		F6EF80DC2C0763DB001996C9 /* Locale+TimeFormat.swift in Sources */ = {isa = PBXBuildFile; fileRef = F6EF80DB2C0763DB001996C9 /* Locale+TimeFormat.swift */; };
		F6EF80DD2C0763DB001996C9 /* Locale+TimeFormat.swift in Sources */ = {isa = PBXBuildFile; fileRef = F6EF80DB2C0763DB001996C9 /* Locale+TimeFormat.swift */; };
		F6EF80E42C079AB8001996C9 /* Sentry in Frameworks */ = {isa = PBXBuildFile; productRef = F6EF80E32C079AB8001996C9 /* Sentry */; };
		F6F2A7952C3D92570056FD94 /* WatchToiOSConnector.swift in Sources */ = {isa = PBXBuildFile; fileRef = F6F2A7942C3D92510056FD94 /* WatchToiOSConnector.swift */; };
		F6F2A7992C3D94EE0056FD94 /* WatchConnectivity.framework in Frameworks */ = {isa = PBXBuildFile; fileRef = F6F2A7982C3D94EE0056FD94 /* WatchConnectivity.framework */; };
/* End PBXBuildFile section */

/* Begin PBXContainerItemProxy section */
		F62A7A662B48700B002A7E25 /* PBXContainerItemProxy */ = {
			isa = PBXContainerItemProxy;
			containerPortal = F62A7A4C2B48700A002A7E25 /* Project object */;
			proxyType = 1;
			remoteGlobalIDString = F62A7A632B48700B002A7E25;
			remoteInfo = "ClimateClock Watch App";
		};
		F6579C772C2043AC003F037D /* PBXContainerItemProxy */ = {
			isa = PBXContainerItemProxy;
			containerPortal = F62A7A4C2B48700A002A7E25 /* Project object */;
			proxyType = 1;
			remoteGlobalIDString = F6579C6D2C2043AB003F037D;
			remoteInfo = ClimateClockWidgetsExtension;
		};
/* End PBXContainerItemProxy section */

/* Begin PBXCopyFilesBuildPhase section */
		F62A7A772B48700C002A7E25 /* Embed Watch Content */ = {
			isa = PBXCopyFilesBuildPhase;
			buildActionMask = 2147483647;
			dstPath = "$(CONTENTS_FOLDER_PATH)/Watch";
			dstSubfolderSpec = 16;
			files = (
				F62A7A652B48700B002A7E25 /* ClimateClock Watch App.app in Embed Watch Content */,
			);
			name = "Embed Watch Content";
			runOnlyForDeploymentPostprocessing = 0;
		};
		F6BBABF62BF7C9CA0090780B /* Embed Foundation Extensions */ = {
			isa = PBXCopyFilesBuildPhase;
			buildActionMask = 2147483647;
			dstPath = "";
			dstSubfolderSpec = 13;
			files = (
			);
			name = "Embed Foundation Extensions";
			runOnlyForDeploymentPostprocessing = 0;
		};
		F6BFA2A62BF4F87C00E21B72 /* Embed Foundation Extensions */ = {
			isa = PBXCopyFilesBuildPhase;
			buildActionMask = 2147483647;
			dstPath = "";
			dstSubfolderSpec = 13;
			files = (
				F6579C792C2043AC003F037D /* watchWidgets.appex in Embed Foundation Extensions */,
			);
			name = "Embed Foundation Extensions";
			runOnlyForDeploymentPostprocessing = 0;
		};
/* End PBXCopyFilesBuildPhase section */

/* Begin PBXFileReference section */
		F6017E7A2C2C3C1400929507 /* LocalNotificationManager.swift */ = {isa = PBXFileReference; lastKnownFileType = sourcecode.swift; path = LocalNotificationManager.swift; sourceTree = "<group>"; };
		F6017E7F2C2C3F8400929507 /* LocalNotification.swift */ = {isa = PBXFileReference; lastKnownFileType = sourcecode.swift; path = LocalNotification.swift; sourceTree = "<group>"; };
		F60B29A32B8F837500E41091 /* NewsView.swift */ = {isa = PBXFileReference; lastKnownFileType = sourcecode.swift; path = NewsView.swift; sourceTree = "<group>"; };
		F60B29AC2B8F91F900E41091 /* Solar Analogue.watchface */ = {isa = PBXFileReference; lastKnownFileType = file; path = "Solar Analogue.watchface"; sourceTree = "<group>"; };
		F60B29B12B8F9C1E00E41091 /* ClimateClockData.swift */ = {isa = PBXFileReference; lastKnownFileType = sourcecode.swift; path = ClimateClockData.swift; sourceTree = "<group>"; };
		F6130CDF2C3563CC007908E3 /* WidgetTitle.swift */ = {isa = PBXFileReference; lastKnownFileType = sourcecode.swift; path = WidgetTitle.swift; sourceTree = "<group>"; };
		F6130CE22C3572D0007908E3 /* DeadlineWidget.swift */ = {isa = PBXFileReference; lastKnownFileType = sourcecode.swift; path = DeadlineWidget.swift; sourceTree = "<group>"; };
		F6256D8C2BF39FE10012FD30 /* Client.swift */ = {isa = PBXFileReference; lastKnownFileType = sourcecode.swift; path = Client.swift; sourceTree = "<group>"; };
		F6256D942BF3B2200012FD30 /* DataModels.swift */ = {isa = PBXFileReference; lastKnownFileType = sourcecode.swift; path = DataModels.swift; sourceTree = "<group>"; };
		F6256D9A2BF3BB310012FD30 /* LifeLineCell.swift */ = {isa = PBXFileReference; lastKnownFileType = sourcecode.swift; path = LifeLineCell.swift; sourceTree = "<group>"; };
		F6256D9C2BF4ABE80012FD30 /* LifeLineGoal.swift */ = {isa = PBXFileReference; lastKnownFileType = sourcecode.swift; path = LifeLineGoal.swift; sourceTree = "<group>"; };
		F6256D9F2BF4BE170012FD30 /* TabTitleLayout.swift */ = {isa = PBXFileReference; lastKnownFileType = sourcecode.swift; path = TabTitleLayout.swift; sourceTree = "<group>"; };
		F62A7A542B48700A002A7E25 /* ClimateClock.app */ = {isa = PBXFileReference; explicitFileType = wrapper.application; includeInIndex = 0; path = ClimateClock.app; sourceTree = BUILT_PRODUCTS_DIR; };
		F62A7A572B48700A002A7E25 /* ClimateClockApp.swift */ = {isa = PBXFileReference; lastKnownFileType = sourcecode.swift; path = ClimateClockApp.swift; sourceTree = "<group>"; };
		F62A7A592B48700A002A7E25 /* ContentView.swift */ = {isa = PBXFileReference; lastKnownFileType = sourcecode.swift; path = ContentView.swift; sourceTree = "<group>"; };
		F62A7A5B2B48700B002A7E25 /* Assets.xcassets */ = {isa = PBXFileReference; lastKnownFileType = folder.assetcatalog; path = Assets.xcassets; sourceTree = "<group>"; };
		F62A7A5E2B48700B002A7E25 /* Preview Assets.xcassets */ = {isa = PBXFileReference; lastKnownFileType = folder.assetcatalog; path = "Preview Assets.xcassets"; sourceTree = "<group>"; };
		F62A7A642B48700B002A7E25 /* ClimateClock Watch App.app */ = {isa = PBXFileReference; explicitFileType = wrapper.application; includeInIndex = 0; path = "ClimateClock Watch App.app"; sourceTree = BUILT_PRODUCTS_DIR; };
		F62A7A692B48700B002A7E25 /* App.ClimateClock.swift */ = {isa = PBXFileReference; lastKnownFileType = sourcecode.swift; path = App.ClimateClock.swift; sourceTree = "<group>"; };
		F62A7A6B2B48700B002A7E25 /* ContentView.swift */ = {isa = PBXFileReference; lastKnownFileType = sourcecode.swift; path = ContentView.swift; sourceTree = "<group>"; };
		F62A7A6D2B48700C002A7E25 /* Assets.xcassets */ = {isa = PBXFileReference; lastKnownFileType = folder.assetcatalog; path = Assets.xcassets; sourceTree = "<group>"; };
		F62A7A702B48700C002A7E25 /* Preview Assets.xcassets */ = {isa = PBXFileReference; lastKnownFileType = folder.assetcatalog; path = "Preview Assets.xcassets"; sourceTree = "<group>"; };
		F62A7A812B487048002A7E25 /* WidgetKit.framework */ = {isa = PBXFileReference; lastKnownFileType = wrapper.framework; name = WidgetKit.framework; path = System/Library/Frameworks/WidgetKit.framework; sourceTree = SDKROOT; };
		F62A7A832B487048002A7E25 /* SwiftUI.framework */ = {isa = PBXFileReference; lastKnownFileType = wrapper.framework; name = SwiftUI.framework; path = System/Library/Frameworks/SwiftUI.framework; sourceTree = SDKROOT; };
		F62DCB852B7BD4BD00855D88 /* Info.plist */ = {isa = PBXFileReference; lastKnownFileType = text.plist.xml; name = Info.plist; path = "ClimateClock Watch App/Info.plist"; sourceTree = SOURCE_ROOT; };
		F62EED592BBB2E5C00352E46 /* NetworkManager.swift */ = {isa = PBXFileReference; fileEncoding = 4; lastKnownFileType = sourcecode.swift; path = NetworkManager.swift; sourceTree = "<group>"; };
		F62EED5A2BBB2E5C00352E46 /* CCError.swift */ = {isa = PBXFileReference; fileEncoding = 4; lastKnownFileType = sourcecode.swift; path = CCError.swift; sourceTree = "<group>"; };
		F643B94F2B8F7536006D1AC5 /* LifelineView.swift */ = {isa = PBXFileReference; lastKnownFileType = sourcecode.swift; path = LifelineView.swift; sourceTree = "<group>"; };
		F6579C6E2C2043AB003F037D /* watchWidgets.appex */ = {isa = PBXFileReference; explicitFileType = "wrapper.app-extension"; includeInIndex = 0; path = watchWidgets.appex; sourceTree = BUILT_PRODUCTS_DIR; };
		F6579C722C2043AB003F037D /* ClimateClockWidgets.swift */ = {isa = PBXFileReference; lastKnownFileType = sourcecode.swift; path = ClimateClockWidgets.swift; sourceTree = "<group>"; };
		F6579C742C2043AC003F037D /* Assets.xcassets */ = {isa = PBXFileReference; lastKnownFileType = folder.assetcatalog; path = Assets.xcassets; sourceTree = "<group>"; };
		F6579C762C2043AC003F037D /* Info.plist */ = {isa = PBXFileReference; lastKnownFileType = text.plist.xml; path = Info.plist; sourceTree = "<group>"; };
		F6579C8B2C20AC64003F037D /* ToolbarButton.swift */ = {isa = PBXFileReference; lastKnownFileType = sourcecode.swift; path = ToolbarButton.swift; sourceTree = "<group>"; };
		F668F6E02C32B79C0083448E /* AboutView.swift */ = {isa = PBXFileReference; lastKnownFileType = sourcecode.swift; path = AboutView.swift; sourceTree = "<group>"; };
		F668F6E22C32BF4B0083448E /* watchWidgets.entitlements */ = {isa = PBXFileReference; lastKnownFileType = text.plist.entitlements; path = watchWidgets.entitlements; sourceTree = "<group>"; };
		F672CA442B7D4F4100FAA4B4 /* DeadlineView.swift */ = {isa = PBXFileReference; lastKnownFileType = sourcecode.swift; path = DeadlineView.swift; sourceTree = "<group>"; };
		F673949D2BBC3FD900B7258D /* Alert.swift */ = {isa = PBXFileReference; lastKnownFileType = sourcecode.swift; path = Alert.swift; sourceTree = "<group>"; };
		F67505062C358B2E00351101 /* DirectusData.swift */ = {isa = PBXFileReference; lastKnownFileType = sourcecode.swift; path = DirectusData.swift; sourceTree = "<group>"; };
		F67BD67F2B7D2C590015ECBE /* Graph.swift */ = {isa = PBXFileReference; lastKnownFileType = sourcecode.swift; path = Graph.swift; sourceTree = "<group>"; };
		F6A15DC12C230702006A5643 /* NavigationLinkItem.swift */ = {isa = PBXFileReference; lastKnownFileType = sourcecode.swift; path = NavigationLinkItem.swift; sourceTree = "<group>"; };
		F6BBABE02BF7BCD20090780B /* NewsWidget.swift */ = {isa = PBXFileReference; lastKnownFileType = sourcecode.swift; path = NewsWidget.swift; sourceTree = "<group>"; };
		F6BBABE42BF7BF240090780B /* RelativeTimeCell.swift */ = {isa = PBXFileReference; lastKnownFileType = sourcecode.swift; path = RelativeTimeCell.swift; sourceTree = "<group>"; };
		F6BBABE82BF7BF650090780B /* SharedAssets.xcassets */ = {isa = PBXFileReference; lastKnownFileType = folder.assetcatalog; path = SharedAssets.xcassets; sourceTree = "<group>"; };
		F6BBABED2BF7C0980090780B /* ClimateClock.entitlements */ = {isa = PBXFileReference; lastKnownFileType = text.plist.entitlements; path = ClimateClock.entitlements; sourceTree = "<group>"; };
		F6BBABEE2BF7C0C20090780B /* ClimateClock Watch App.entitlements */ = {isa = PBXFileReference; lastKnownFileType = text.plist.entitlements; path = "ClimateClock Watch App.entitlements"; sourceTree = "<group>"; };
		F6BBABEF2BF7C0E60090780B /* ClimateClockWidgetExtension.entitlements */ = {isa = PBXFileReference; lastKnownFileType = text.plist.entitlements; path = ClimateClockWidgetExtension.entitlements; sourceTree = "<group>"; };
		F6BBABF12BF7C9530090780B /* RenewablesWidget.swift */ = {isa = PBXFileReference; lastKnownFileType = sourcecode.swift; path = RenewablesWidget.swift; sourceTree = "<group>"; };
		F6BFA2C42BF50BDA00E21B72 /* ClimateClockWidgetBundle.swift */ = {isa = PBXFileReference; lastKnownFileType = sourcecode.swift; path = ClimateClockWidgetBundle.swift; sourceTree = "<group>"; };
		F6BFA2C82BF50BDB00E21B72 /* Assets.xcassets */ = {isa = PBXFileReference; lastKnownFileType = folder.assetcatalog; path = Assets.xcassets; sourceTree = "<group>"; };
		F6BFA2CA2BF50BDB00E21B72 /* Info.plist */ = {isa = PBXFileReference; lastKnownFileType = text.plist.xml; path = Info.plist; sourceTree = "<group>"; };
		F6C570942B7D00240001DCE7 /* GraphView.swift */ = {isa = PBXFileReference; lastKnownFileType = sourcecode.swift; path = GraphView.swift; sourceTree = "<group>"; };
		F6C570962B7D00320001DCE7 /* GraphViewModel.swift */ = {isa = PBXFileReference; lastKnownFileType = sourcecode.swift; path = GraphViewModel.swift; sourceTree = "<group>"; };
		F6C570992B7D027C0001DCE7 /* PredictionModel.swift */ = {isa = PBXFileReference; lastKnownFileType = sourcecode.swift; path = PredictionModel.swift; sourceTree = "<group>"; };
		F6CCBC9E2BD11B7600EB80C2 /* OswaldVF.ttf */ = {isa = PBXFileReference; lastKnownFileType = file; path = OswaldVF.ttf; sourceTree = "<group>"; };
		F6CCBCA22BD170F700EB80C2 /* TabTitle.swift */ = {isa = PBXFileReference; lastKnownFileType = sourcecode.swift; path = TabTitle.swift; sourceTree = "<group>"; };
		F6CCCA152C3ECB0D0006CCD5 /* Info.plist */ = {isa = PBXFileReference; lastKnownFileType = text.plist.xml; path = Info.plist; sourceTree = "<group>"; };
		F6D315E02BBD85FD00C75299 /* NewsListItem.swift */ = {isa = PBXFileReference; lastKnownFileType = sourcecode.swift; path = NewsListItem.swift; sourceTree = "<group>"; };
		F6D315E62BBDB9E500C75299 /* Assistant-VariableFont_wght.ttf */ = {isa = PBXFileReference; lastKnownFileType = file; path = "Assistant-VariableFont_wght.ttf"; sourceTree = "<group>"; };
		F6D315EB2BBDC34E00C75299 /* NotificationManager.swift */ = {isa = PBXFileReference; lastKnownFileType = sourcecode.swift; path = NotificationManager.swift; sourceTree = "<group>"; };
		F6D503A12C3E96D600DE50C9 /* StyledText.swift */ = {isa = PBXFileReference; lastKnownFileType = sourcecode.swift; path = StyledText.swift; sourceTree = "<group>"; };
		F6EF80D62C0757E5001996C9 /* NotificationSettings.swift */ = {isa = PBXFileReference; lastKnownFileType = sourcecode.swift; path = NotificationSettings.swift; sourceTree = "<group>"; };
		F6EF80D82C075D15001996C9 /* NotificationTimeSetter.swift */ = {isa = PBXFileReference; lastKnownFileType = sourcecode.swift; path = NotificationTimeSetter.swift; sourceTree = "<group>"; };
		F6EF80DB2C0763DB001996C9 /* Locale+TimeFormat.swift */ = {isa = PBXFileReference; fileEncoding = 4; lastKnownFileType = sourcecode.swift; path = "Locale+TimeFormat.swift"; sourceTree = "<group>"; };
		F6F2A7942C3D92510056FD94 /* WatchToiOSConnector.swift */ = {isa = PBXFileReference; lastKnownFileType = sourcecode.swift; path = WatchToiOSConnector.swift; sourceTree = "<group>"; };
		F6F2A7982C3D94EE0056FD94 /* WatchConnectivity.framework */ = {isa = PBXFileReference; lastKnownFileType = wrapper.framework; name = WatchConnectivity.framework; path = Platforms/iPhoneOS.platform/Developer/SDKs/iPhoneOS18.0.sdk/System/Library/Frameworks/WatchConnectivity.framework; sourceTree = DEVELOPER_DIR; };
/* End PBXFileReference section */

/* Begin PBXFileSystemSynchronizedBuildFileExceptionSet section */
		F668F6DF2C32B7880083448E /* PBXFileSystemSynchronizedBuildFileExceptionSet */ = {
			isa = PBXFileSystemSynchronizedBuildFileExceptionSet;
			membershipExceptions = (
				ActionItem.swift,
				ActionView.swift,
				HighlightedText.swift,
			);
			target = F62A7A632B48700B002A7E25 /* ClimateClock Watch App */;
		};
		F675050F2C358EFF00351101 /* PBXFileSystemSynchronizedBuildFileExceptionSet */ = {
			isa = PBXFileSystemSynchronizedBuildFileExceptionSet;
			membershipExceptions = (
				IdeaList.swift,
			);
			target = F62A7A532B48700A002A7E25 /* ClimateClock */;
		};
		F6A15DC62C2343D9006A5643 /* PBXFileSystemSynchronizedBuildFileExceptionSet */ = {
			isa = PBXFileSystemSynchronizedBuildFileExceptionSet;
			membershipExceptions = (
				SheetButtonGroup.swift,
				SheetView.swift,
			);
			target = F62A7A632B48700B002A7E25 /* ClimateClock Watch App */;
		};
		F6D503A52C3EC98800DE50C9 /* PBXFileSystemSynchronizedBuildFileExceptionSet */ = {
			isa = PBXFileSystemSynchronizedBuildFileExceptionSet;
			membershipExceptions = (
				iOSNotificationManager.swift,
				WatchConnector.swift,
			);
			target = F62A7A532B48700A002A7E25 /* ClimateClock */;
		};
/* End PBXFileSystemSynchronizedBuildFileExceptionSet section */

/* Begin PBXFileSystemSynchronizedRootGroup section */
		F668F6DE2C32B6AA0083448E /* Action */ = {isa = PBXFileSystemSynchronizedRootGroup; exceptions = (F668F6DF2C32B7880083448E /* PBXFileSystemSynchronizedBuildFileExceptionSet */, ); explicitFileTypes = {}; explicitFolders = (); path = Action; sourceTree = "<group>"; };
		F675050B2C358EE900351101 /* Views */ = {isa = PBXFileSystemSynchronizedRootGroup; exceptions = (F675050F2C358EFF00351101 /* PBXFileSystemSynchronizedBuildFileExceptionSet */, ); explicitFileTypes = {}; explicitFolders = (); path = Views; sourceTree = "<group>"; };
		F6A15DC32C2343C9006A5643 /* Views */ = {isa = PBXFileSystemSynchronizedRootGroup; exceptions = (F6A15DC62C2343D9006A5643 /* PBXFileSystemSynchronizedBuildFileExceptionSet */, ); explicitFileTypes = {}; explicitFolders = (); path = Views; sourceTree = "<group>"; };
		F6D503A42C3EC98400DE50C9 /* Managers */ = {isa = PBXFileSystemSynchronizedRootGroup; exceptions = (F6D503A52C3EC98800DE50C9 /* PBXFileSystemSynchronizedBuildFileExceptionSet */, ); explicitFileTypes = {}; explicitFolders = (); path = Managers; sourceTree = "<group>"; };
		F6F2A7812C36B0550056FD94 /* Tabs */ = {isa = PBXFileSystemSynchronizedRootGroup; explicitFileTypes = {}; explicitFolders = (); path = Tabs; sourceTree = "<group>"; };
/* End PBXFileSystemSynchronizedRootGroup section */

/* Begin PBXFrameworksBuildPhase section */
		F62A7A512B48700A002A7E25 /* Frameworks */ = {
			isa = PBXFrameworksBuildPhase;
			buildActionMask = 2147483647;
			files = (
				F6F2A7992C3D94EE0056FD94 /* WatchConnectivity.framework in Frameworks */,
			);
			runOnlyForDeploymentPostprocessing = 0;
		};
		F62A7A612B48700B002A7E25 /* Frameworks */ = {
			isa = PBXFrameworksBuildPhase;
			buildActionMask = 2147483647;
			files = (
				F6EF80E42C079AB8001996C9 /* Sentry in Frameworks */,
			);
			runOnlyForDeploymentPostprocessing = 0;
		};
		F6579C6B2C2043AB003F037D /* Frameworks */ = {
			isa = PBXFrameworksBuildPhase;
			buildActionMask = 2147483647;
			files = (
				F6579C702C2043AB003F037D /* SwiftUI.framework in Frameworks */,
				F6579C6F2C2043AB003F037D /* WidgetKit.framework in Frameworks */,
			);
			runOnlyForDeploymentPostprocessing = 0;
		};
/* End PBXFrameworksBuildPhase section */

/* Begin PBXGroup section */
		F6017E7E2C2C3F7D00929507 /* Notifications */ = {
			isa = PBXGroup;
			children = (
				F6017E7A2C2C3C1400929507 /* LocalNotificationManager.swift */,
				F6017E7F2C2C3F8400929507 /* LocalNotification.swift */,
			);
			path = Notifications;
			sourceTree = "<group>";
		};
		F60B29A52B8F8D3500E41091 /* Utilities */ = {
			isa = PBXGroup;
			children = (
				F6EF80DA2C0763C0001996C9 /* Extensions */,
				F62EED5B2BBB2E5C00352E46 /* Managers */,
			);
			path = Utilities;
			sourceTree = "<group>";
		};
		F60B29B02B8F9C0D00E41091 /* Model */ = {
			isa = PBXGroup;
			children = (
				F67505062C358B2E00351101 /* DirectusData.swift */,
				F60B29B12B8F9C1E00E41091 /* ClimateClockData.swift */,
				F6256D942BF3B2200012FD30 /* DataModels.swift */,
			);
			path = Model;
			sourceTree = "<group>";
		};
		F6256D982BF3BA470012FD30 /* Tabs */ = {
			isa = PBXGroup;
			children = (
				F6256D9F2BF4BE170012FD30 /* TabTitleLayout.swift */,
				F6CCBCA22BD170F700EB80C2 /* TabTitle.swift */,
				F6256D992BF3BA560012FD30 /* Lifelines */,
				F6256DA22BF4D8F00012FD30 /* Deadline */,
				F668F6DE2C32B6AA0083448E /* Action */,
				F6256DA12BF4D8BB0012FD30 /* Scenarios */,
				F6256D9E2BF4AE180012FD30 /* News */,
				F6256DA32BF4D9050012FD30 /* About */,
			);
			path = Tabs;
			sourceTree = "<group>";
		};
		F6256D992BF3BA560012FD30 /* Lifelines */ = {
			isa = PBXGroup;
			children = (
				F643B94F2B8F7536006D1AC5 /* LifelineView.swift */,
				F6256D9A2BF3BB310012FD30 /* LifeLineCell.swift */,
				F6256D9C2BF4ABE80012FD30 /* LifeLineGoal.swift */,
			);
			path = Lifelines;
			sourceTree = "<group>";
		};
		F6256D9E2BF4AE180012FD30 /* News */ = {
			isa = PBXGroup;
			children = (
				F60B29A32B8F837500E41091 /* NewsView.swift */,
				F6D315E02BBD85FD00C75299 /* NewsListItem.swift */,
				F6BBABE42BF7BF240090780B /* RelativeTimeCell.swift */,
				F6EF80D62C0757E5001996C9 /* NotificationSettings.swift */,
				F6EF80D82C075D15001996C9 /* NotificationTimeSetter.swift */,
				F6579C8B2C20AC64003F037D /* ToolbarButton.swift */,
			);
			path = News;
			sourceTree = "<group>";
		};
		F6256DA12BF4D8BB0012FD30 /* Scenarios */ = {
			isa = PBXGroup;
			children = (
				F6C570962B7D00320001DCE7 /* GraphViewModel.swift */,
				F6C570942B7D00240001DCE7 /* GraphView.swift */,
				F67BD67F2B7D2C590015ECBE /* Graph.swift */,
				F6C570992B7D027C0001DCE7 /* PredictionModel.swift */,
			);
			path = Scenarios;
			sourceTree = "<group>";
		};
		F6256DA22BF4D8F00012FD30 /* Deadline */ = {
			isa = PBXGroup;
			children = (
				F672CA442B7D4F4100FAA4B4 /* DeadlineView.swift */,
			);
			path = Deadline;
			sourceTree = "<group>";
		};
		F6256DA32BF4D9050012FD30 /* About */ = {
			isa = PBXGroup;
			children = (
				F668F6E02C32B79C0083448E /* AboutView.swift */,
			);
			path = About;
			sourceTree = "<group>";
		};
		F62A7A4B2B48700A002A7E25 = {
			isa = PBXGroup;
			children = (
				F668F6E22C32BF4B0083448E /* watchWidgets.entitlements */,
				F6BBABEF2BF7C0E60090780B /* ClimateClockWidgetExtension.entitlements */,
				F62DCB7F2B7BD26C00855D88 /* Shared */,
				F62A7A562B48700A002A7E25 /* ClimateClock */,
				F62A7A682B48700B002A7E25 /* ClimateClock Watch App */,
				F6579C7D2C20455A003F037D /* Widgets */,
				F62A7A802B487048002A7E25 /* Frameworks */,
				F62A7A552B48700A002A7E25 /* Products */,
			);
			sourceTree = "<group>";
		};
		F62A7A552B48700A002A7E25 /* Products */ = {
			isa = PBXGroup;
			children = (
				F62A7A542B48700A002A7E25 /* ClimateClock.app */,
				F62A7A642B48700B002A7E25 /* ClimateClock Watch App.app */,
				F6579C6E2C2043AB003F037D /* watchWidgets.appex */,
			);
			name = Products;
			sourceTree = "<group>";
		};
		F62A7A562B48700A002A7E25 /* ClimateClock */ = {
			isa = PBXGroup;
			children = (
				F62A7A5D2B48700B002A7E25 /* Preview Content */,
				F6D503A42C3EC98400DE50C9 /* Managers */,
				F6F2A7812C36B0550056FD94 /* Tabs */,
				F675050B2C358EE900351101 /* Views */,
				F6BBABED2BF7C0980090780B /* ClimateClock.entitlements */,
				F62A7A572B48700A002A7E25 /* ClimateClockApp.swift */,
				F62A7A592B48700A002A7E25 /* ContentView.swift */,
				F62A7A5B2B48700B002A7E25 /* Assets.xcassets */,
				F6CCCA152C3ECB0D0006CCD5 /* Info.plist */,
			);
			path = ClimateClock;
			sourceTree = "<group>";
		};
		F62A7A5D2B48700B002A7E25 /* Preview Content */ = {
			isa = PBXGroup;
			children = (
				F62A7A5E2B48700B002A7E25 /* Preview Assets.xcassets */,
			);
			path = "Preview Content";
			sourceTree = "<group>";
		};
		F62A7A682B48700B002A7E25 /* ClimateClock Watch App */ = {
			isa = PBXGroup;
			children = (
				F6A15DC32C2343C9006A5643 /* Views */,
				F6256D982BF3BA470012FD30 /* Tabs */,
				F6D315EA2BBDC34100C75299 /* Utilities */,
				F6F2A7942C3D92510056FD94 /* WatchToiOSConnector.swift */,
				F62A7A692B48700B002A7E25 /* App.ClimateClock.swift */,
				F62A7A6B2B48700B002A7E25 /* ContentView.swift */,
				F6A15DC12C230702006A5643 /* NavigationLinkItem.swift */,
				F60B29AC2B8F91F900E41091 /* Solar Analogue.watchface */,
				F62A7A6D2B48700C002A7E25 /* Assets.xcassets */,
				F6BBABEE2BF7C0C20090780B /* ClimateClock Watch App.entitlements */,
				F62A7A6F2B48700C002A7E25 /* Preview Content */,
				F62DCB852B7BD4BD00855D88 /* Info.plist */,
			);
			path = "ClimateClock Watch App";
			sourceTree = "<group>";
		};
		F62A7A6F2B48700C002A7E25 /* Preview Content */ = {
			isa = PBXGroup;
			children = (
				F62A7A702B48700C002A7E25 /* Preview Assets.xcassets */,
			);
			path = "Preview Content";
			sourceTree = "<group>";
		};
		F62A7A802B487048002A7E25 /* Frameworks */ = {
			isa = PBXGroup;
			children = (
				F6F2A7982C3D94EE0056FD94 /* WatchConnectivity.framework */,
				F62A7A812B487048002A7E25 /* WidgetKit.framework */,
				F62A7A832B487048002A7E25 /* SwiftUI.framework */,
			);
			name = Frameworks;
			sourceTree = "<group>";
		};
		F62DCB7F2B7BD26C00855D88 /* Shared */ = {
			isa = PBXGroup;
			children = (
				F60B29B02B8F9C0D00E41091 /* Model */,
				F60B29A52B8F8D3500E41091 /* Utilities */,
				F62DCB802B7BD27400855D88 /* fonts */,
				F6256D8C2BF39FE10012FD30 /* Client.swift */,
				F6BBABE82BF7BF650090780B /* SharedAssets.xcassets */,
			);
			path = Shared;
			sourceTree = "<group>";
		};
		F62DCB802B7BD27400855D88 /* fonts */ = {
			isa = PBXGroup;
			children = (
				F6CCBC9E2BD11B7600EB80C2 /* OswaldVF.ttf */,
				F6D315E62BBDB9E500C75299 /* Assistant-VariableFont_wght.ttf */,
			);
			path = fonts;
			sourceTree = "<group>";
		};
		F62EED5B2BBB2E5C00352E46 /* Managers */ = {
			isa = PBXGroup;
			children = (
				F6017E7E2C2C3F7D00929507 /* Notifications */,
				F62EED592BBB2E5C00352E46 /* NetworkManager.swift */,
				F673949C2BBC3FC400B7258D /* Alert */,
			);
			path = Managers;
			sourceTree = "<group>";
		};
		F6579C712C2043AB003F037D /* WatchWidgets */ = {
			isa = PBXGroup;
			children = (
				F6579C722C2043AB003F037D /* ClimateClockWidgets.swift */,
				F6579C742C2043AC003F037D /* Assets.xcassets */,
				F6579C762C2043AC003F037D /* Info.plist */,
			);
			path = WatchWidgets;
			sourceTree = "<group>";
		};
		F6579C7D2C20455A003F037D /* Widgets */ = {
			isa = PBXGroup;
			children = (
				F6579C7E2C204572003F037D /* Views */,
				F6BFA2C32BF50BDA00E21B72 /* iosWidgets */,
				F6579C712C2043AB003F037D /* WatchWidgets */,
			);
			path = Widgets;
			sourceTree = "<group>";
		};
		F6579C7E2C204572003F037D /* Views */ = {
			isa = PBXGroup;
			children = (
				F6130CE22C3572D0007908E3 /* DeadlineWidget.swift */,
				F6130CDF2C3563CC007908E3 /* WidgetTitle.swift */,
				F6BBABE02BF7BCD20090780B /* NewsWidget.swift */,
				F6BBABF12BF7C9530090780B /* RenewablesWidget.swift */,
			);
			path = Views;
			sourceTree = "<group>";
		};
		F673949C2BBC3FC400B7258D /* Alert */ = {
			isa = PBXGroup;
			children = (
				F62EED5A2BBB2E5C00352E46 /* CCError.swift */,
				F673949D2BBC3FD900B7258D /* Alert.swift */,
			);
			path = Alert;
			sourceTree = "<group>";
		};
		F6BFA2C32BF50BDA00E21B72 /* iosWidgets */ = {
			isa = PBXGroup;
			children = (
				F6BFA2C42BF50BDA00E21B72 /* ClimateClockWidgetBundle.swift */,
				F6BFA2C82BF50BDB00E21B72 /* Assets.xcassets */,
				F6BFA2CA2BF50BDB00E21B72 /* Info.plist */,
			);
			path = iosWidgets;
			sourceTree = "<group>";
		};
		F6D315EA2BBDC34100C75299 /* Utilities */ = {
			isa = PBXGroup;
			children = (
				F6D315EB2BBDC34E00C75299 /* NotificationManager.swift */,
				F6D503A12C3E96D600DE50C9 /* StyledText.swift */,
			);
			path = Utilities;
			sourceTree = "<group>";
		};
		F6EF80DA2C0763C0001996C9 /* Extensions */ = {
			isa = PBXGroup;
			children = (
				F6EF80DB2C0763DB001996C9 /* Locale+TimeFormat.swift */,
			);
			path = Extensions;
			sourceTree = "<group>";
		};
/* End PBXGroup section */

/* Begin PBXNativeTarget section */
		F62A7A532B48700A002A7E25 /* ClimateClock */ = {
			isa = PBXNativeTarget;
			buildConfigurationList = F62A7A782B48700C002A7E25 /* Build configuration list for PBXNativeTarget "ClimateClock" */;
			buildPhases = (
				F62A7A502B48700A002A7E25 /* Sources */,
				F62A7A512B48700A002A7E25 /* Frameworks */,
				F62A7A522B48700A002A7E25 /* Resources */,
				F62A7A772B48700C002A7E25 /* Embed Watch Content */,
				F6BBABF62BF7C9CA0090780B /* Embed Foundation Extensions */,
			);
			buildRules = (
			);
			dependencies = (
				F62A7A672B48700B002A7E25 /* PBXTargetDependency */,
			);
			name = ClimateClock;
			productName = ClimateClock;
			productReference = F62A7A542B48700A002A7E25 /* ClimateClock.app */;
			productType = "com.apple.product-type.application";
		};
		F62A7A632B48700B002A7E25 /* ClimateClock Watch App */ = {
			isa = PBXNativeTarget;
			buildConfigurationList = F62A7A742B48700C002A7E25 /* Build configuration list for PBXNativeTarget "ClimateClock Watch App" */;
			buildPhases = (
				F62A7A602B48700B002A7E25 /* Sources */,
				F62A7A612B48700B002A7E25 /* Frameworks */,
				F62A7A622B48700B002A7E25 /* Resources */,
				F6BFA2A62BF4F87C00E21B72 /* Embed Foundation Extensions */,
				F02FE556BC9E4D52ABB96475 /* Upload Debug Symbols to Sentry */,
			);
			buildRules = (
			);
			dependencies = (
				F6579C782C2043AC003F037D /* PBXTargetDependency */,
			);
			name = "ClimateClock Watch App";
			packageProductDependencies = (
				F6EF80E32C079AB8001996C9 /* Sentry */,
			);
			productName = "ClimateClock Watch App";
			productReference = F62A7A642B48700B002A7E25 /* ClimateClock Watch App.app */;
			productType = "com.apple.product-type.application";
		};
		F6579C6D2C2043AB003F037D /* watchWidgets */ = {
			isa = PBXNativeTarget;
			buildConfigurationList = F6579C7C2C2043AC003F037D /* Build configuration list for PBXNativeTarget "watchWidgets" */;
			buildPhases = (
				F6579C6A2C2043AB003F037D /* Sources */,
				F6579C6B2C2043AB003F037D /* Frameworks */,
				F6579C6C2C2043AB003F037D /* Resources */,
			);
			buildRules = (
			);
			dependencies = (
			);
			name = watchWidgets;
			productName = ClimateClockWidgetsExtension;
			productReference = F6579C6E2C2043AB003F037D /* watchWidgets.appex */;
			productType = "com.apple.product-type.app-extension";
		};
/* End PBXNativeTarget section */

/* Begin PBXProject section */
		F62A7A4C2B48700A002A7E25 /* Project object */ = {
			isa = PBXProject;
			attributes = {
				BuildIndependentTargetsInParallel = 1;
				LastSwiftUpdateCheck = 1600;
				LastUpgradeCheck = 1600;
				ORGANIZATIONNAME = woven;
				TargetAttributes = {
					F62A7A532B48700A002A7E25 = {
						CreatedOnToolsVersion = 15.1;
					};
					F62A7A632B48700B002A7E25 = {
						CreatedOnToolsVersion = 15.1;
					};
					F6579C6D2C2043AB003F037D = {
						CreatedOnToolsVersion = 16.0;
					};
				};
			};
			buildConfigurationList = F62A7A4F2B48700A002A7E25 /* Build configuration list for PBXProject "ClimateClock" */;
			compatibilityVersion = "Xcode 15.0";
			developmentRegion = en;
			hasScannedForEncodings = 0;
			knownRegions = (
				en,
				Base,
			);
			mainGroup = F62A7A4B2B48700A002A7E25;
			packageReferences = (
				F6EF80E22C079AB8001996C9 /* XCRemoteSwiftPackageReference "sentry-cocoa" */,
			);
			productRefGroup = F62A7A552B48700A002A7E25 /* Products */;
			projectDirPath = "";
			projectRoot = "";
			targets = (
				F62A7A532B48700A002A7E25 /* ClimateClock */,
				F62A7A632B48700B002A7E25 /* ClimateClock Watch App */,
				F6579C6D2C2043AB003F037D /* watchWidgets */,
			);
		};
/* End PBXProject section */

/* Begin PBXResourcesBuildPhase section */
		F62A7A522B48700A002A7E25 /* Resources */ = {
			isa = PBXResourcesBuildPhase;
			buildActionMask = 2147483647;
			files = (
				F60B29AD2B8F91F900E41091 /* Solar Analogue.watchface in Resources */,
				F6D315E72BBDB9E500C75299 /* Assistant-VariableFont_wght.ttf in Resources */,
				F6CCBC9F2BD11B7600EB80C2 /* OswaldVF.ttf in Resources */,
				F62A7A5F2B48700B002A7E25 /* Preview Assets.xcassets in Resources */,
				F6BBABE92BF7BF650090780B /* SharedAssets.xcassets in Resources */,
				F62A7A5C2B48700B002A7E25 /* Assets.xcassets in Resources */,
			);
			runOnlyForDeploymentPostprocessing = 0;
		};
		F62A7A622B48700B002A7E25 /* Resources */ = {
			isa = PBXResourcesBuildPhase;
			buildActionMask = 2147483647;
			files = (
				F62A7A712B48700C002A7E25 /* Preview Assets.xcassets in Resources */,
				F6D315E82BBDB9E500C75299 /* Assistant-VariableFont_wght.ttf in Resources */,
				F6CCBCA02BD11B7600EB80C2 /* OswaldVF.ttf in Resources */,
				F60B29AE2B8F91F900E41091 /* Solar Analogue.watchface in Resources */,
				F6BBABEA2BF7BF650090780B /* SharedAssets.xcassets in Resources */,
				F62A7A6E2B48700C002A7E25 /* Assets.xcassets in Resources */,
			);
			runOnlyForDeploymentPostprocessing = 0;
		};
		F6579C6C2C2043AB003F037D /* Resources */ = {
			isa = PBXResourcesBuildPhase;
			buildActionMask = 2147483647;
			files = (
				F6579C802C20462D003F037D /* OswaldVF.ttf in Resources */,
				F6579C752C2043AC003F037D /* Assets.xcassets in Resources */,
				F6579C812C204632003F037D /* Assistant-VariableFont_wght.ttf in Resources */,
				F6579C842C204876003F037D /* SharedAssets.xcassets in Resources */,
			);
			runOnlyForDeploymentPostprocessing = 0;
		};
/* End PBXResourcesBuildPhase section */

/* Begin PBXShellScriptBuildPhase section */
		F02FE556BC9E4D52ABB96475 /* Upload Debug Symbols to Sentry */ = {
			isa = PBXShellScriptBuildPhase;
			buildActionMask = 2147483647;
			files = (
			);
			inputPaths = (
				"${DWARF_DSYM_FOLDER_PATH}/${DWARF_DSYM_FILE_NAME}/Contents/Resources/DWARF/${TARGET_NAME}",
			);
			name = "Upload Debug Symbols to Sentry";
			outputPaths = (
			);
			runOnlyForDeploymentPostprocessing = 0;
			shellPath = /bin/sh;
			shellScript = "# This script is responsable to upload debug symbols and source context for Sentry.\nif which sentry-cli >/dev/null; then\nexport SENTRY_ORG=woven\nexport SENTRY_PROJECT=climate-clock\nERROR=$(sentry-cli debug-files upload --include-sources \"$DWARF_DSYM_FOLDER_PATH\" 2>&1 >/dev/null)\nif [ ! $? -eq 0 ]; then\necho \"warning: sentry-cli - $ERROR\"\nfi\nelse\necho \"warning: sentry-cli not installed, download from https://github.com/getsentry/sentry-cli/releases\"\nfi\n";
		};
/* End PBXShellScriptBuildPhase section */

/* Begin PBXSourcesBuildPhase section */
		F62A7A502B48700A002A7E25 /* Sources */ = {
			isa = PBXSourcesBuildPhase;
			buildActionMask = 2147483647;
			files = (
				F62A7A5A2B48700A002A7E25 /* ContentView.swift in Sources */,
				F6D315EC2BBDC34E00C75299 /* NotificationManager.swift in Sources */,
				F60B29B22B8F9C1E00E41091 /* ClimateClockData.swift in Sources */,
				F6EF80DC2C0763DB001996C9 /* Locale+TimeFormat.swift in Sources */,
				F67505082C358B3200351101 /* DirectusData.swift in Sources */,
				F62EED5C2BBB2E5C00352E46 /* NetworkManager.swift in Sources */,
				F6BBABE52BF7BF240090780B /* RelativeTimeCell.swift in Sources */,
				F62A7A582B48700A002A7E25 /* ClimateClockApp.swift in Sources */,
				F6017E812C2C3F8900929507 /* LocalNotification.swift in Sources */,
				F62EED5F2BBB2E5C00352E46 /* CCError.swift in Sources */,
				F6256D952BF3B2200012FD30 /* DataModels.swift in Sources */,
				F6256D8D2BF39FE10012FD30 /* Client.swift in Sources */,
				F6D503A32C3E96D600DE50C9 /* StyledText.swift in Sources */,
			);
			runOnlyForDeploymentPostprocessing = 0;
		};
		F62A7A602B48700B002A7E25 /* Sources */ = {
			isa = PBXSourcesBuildPhase;
			buildActionMask = 2147483647;
			files = (
				F6C570972B7D00320001DCE7 /* GraphViewModel.swift in Sources */,
				F6D503A22C3E96D600DE50C9 /* StyledText.swift in Sources */,
				F6EF80DD2C0763DB001996C9 /* Locale+TimeFormat.swift in Sources */,
				F668F6E12C32B79F0083448E /* AboutView.swift in Sources */,
				F60B29A42B8F837500E41091 /* NewsView.swift in Sources */,
				F6D315ED2BBDC34E00C75299 /* NotificationManager.swift in Sources */,
				F62A7A6C2B48700B002A7E25 /* ContentView.swift in Sources */,
				F62EED602BBB2E5C00352E46 /* CCError.swift in Sources */,
				F6F2A7952C3D92570056FD94 /* WatchToiOSConnector.swift in Sources */,
				F67BD6802B7D2C590015ECBE /* Graph.swift in Sources */,
				F6256D9D2BF4ABE80012FD30 /* LifeLineGoal.swift in Sources */,
				F672CA452B7D4F4100FAA4B4 /* DeadlineView.swift in Sources */,
				F6EF80D72C0757E5001996C9 /* NotificationSettings.swift in Sources */,
				F6BBABE62BF7BF240090780B /* RelativeTimeCell.swift in Sources */,
				F6256D8E2BF39FE10012FD30 /* Client.swift in Sources */,
				F6256D9B2BF3BB310012FD30 /* LifeLineCell.swift in Sources */,
				F60B29B32B8F9C1E00E41091 /* ClimateClockData.swift in Sources */,
				F6CCBCA32BD170F700EB80C2 /* TabTitle.swift in Sources */,
				F6EF80D92C075D15001996C9 /* NotificationTimeSetter.swift in Sources */,
				F6256DA02BF4BE170012FD30 /* TabTitleLayout.swift in Sources */,
				F6017E802C2C3F8900929507 /* LocalNotification.swift in Sources */,
				F62A7A6A2B48700B002A7E25 /* App.ClimateClock.swift in Sources */,
				F6A15DC22C230702006A5643 /* NavigationLinkItem.swift in Sources */,
				F6017E7D2C2C3C1A00929507 /* LocalNotificationManager.swift in Sources */,
				F67505092C358B3200351101 /* DirectusData.swift in Sources */,
				F62EED5D2BBB2E5C00352E46 /* NetworkManager.swift in Sources */,
				F6C5709A2B7D027C0001DCE7 /* PredictionModel.swift in Sources */,
				F6C570952B7D00240001DCE7 /* GraphView.swift in Sources */,
				F643B9502B8F7536006D1AC5 /* LifelineView.swift in Sources */,
				F673949E2BBC3FD900B7258D /* Alert.swift in Sources */,
				F6256D962BF3B2200012FD30 /* DataModels.swift in Sources */,
				F6D315E12BBD85FD00C75299 /* NewsListItem.swift in Sources */,
				F6579C8C2C20AC64003F037D /* ToolbarButton.swift in Sources */,
			);
			runOnlyForDeploymentPostprocessing = 0;
		};
		F6579C6A2C2043AB003F037D /* Sources */ = {
			isa = PBXSourcesBuildPhase;
			buildActionMask = 2147483647;
			files = (
				F6579C892C2048B7003F037D /* Locale+TimeFormat.swift in Sources */,
				F67505072C358B3200351101 /* DirectusData.swift in Sources */,
				F6579C872C2048AC003F037D /* ClimateClockData.swift in Sources */,
				F6579C882C2048B1003F037D /* DataModels.swift in Sources */,
				F6579C862C2048A4003F037D /* NetworkManager.swift in Sources */,
				F6017E7C2C2C3C1A00929507 /* LocalNotificationManager.swift in Sources */,
				F6130CE32C3572D4007908E3 /* DeadlineWidget.swift in Sources */,
				F6579C8A2C2048BE003F037D /* CCError.swift in Sources */,
				F6130CE02C3563D0007908E3 /* WidgetTitle.swift in Sources */,
				F6579C832C204820003F037D /* RelativeTimeCell.swift in Sources */,
				F6579C822C2047DC003F037D /* NewsWidget.swift in Sources */,
				F6017E822C2C3F8900929507 /* LocalNotification.swift in Sources */,
				F6579C732C2043AB003F037D /* ClimateClockWidgets.swift in Sources */,
				F6579C852C20488A003F037D /* Client.swift in Sources */,
				F6579C7F2C204581003F037D /* RenewablesWidget.swift in Sources */,
			);
			runOnlyForDeploymentPostprocessing = 0;
		};
/* End PBXSourcesBuildPhase section */

/* Begin PBXTargetDependency section */
		F62A7A672B48700B002A7E25 /* PBXTargetDependency */ = {
			isa = PBXTargetDependency;
			target = F62A7A632B48700B002A7E25 /* ClimateClock Watch App */;
			targetProxy = F62A7A662B48700B002A7E25 /* PBXContainerItemProxy */;
		};
		F6579C782C2043AC003F037D /* PBXTargetDependency */ = {
			isa = PBXTargetDependency;
			target = F6579C6D2C2043AB003F037D /* watchWidgets */;
			targetProxy = F6579C772C2043AC003F037D /* PBXContainerItemProxy */;
		};
/* End PBXTargetDependency section */

/* Begin XCBuildConfiguration section */
		F62A7A722B48700C002A7E25 /* Debug */ = {
			isa = XCBuildConfiguration;
			buildSettings = {
				ALWAYS_SEARCH_USER_PATHS = NO;
				ASSETCATALOG_COMPILER_GENERATE_SWIFT_ASSET_SYMBOL_EXTENSIONS = YES;
				CLANG_ANALYZER_NONNULL = YES;
				CLANG_ANALYZER_NUMBER_OBJECT_CONVERSION = YES_AGGRESSIVE;
				CLANG_CXX_LANGUAGE_STANDARD = "gnu++20";
				CLANG_ENABLE_MODULES = YES;
				CLANG_ENABLE_OBJC_ARC = YES;
				CLANG_ENABLE_OBJC_WEAK = YES;
				CLANG_WARN_BLOCK_CAPTURE_AUTORELEASING = YES;
				CLANG_WARN_BOOL_CONVERSION = YES;
				CLANG_WARN_COMMA = YES;
				CLANG_WARN_CONSTANT_CONVERSION = YES;
				CLANG_WARN_DEPRECATED_OBJC_IMPLEMENTATIONS = YES;
				CLANG_WARN_DIRECT_OBJC_ISA_USAGE = YES_ERROR;
				CLANG_WARN_DOCUMENTATION_COMMENTS = YES;
				CLANG_WARN_EMPTY_BODY = YES;
				CLANG_WARN_ENUM_CONVERSION = YES;
				CLANG_WARN_INFINITE_RECURSION = YES;
				CLANG_WARN_INT_CONVERSION = YES;
				CLANG_WARN_NON_LITERAL_NULL_CONVERSION = YES;
				CLANG_WARN_OBJC_IMPLICIT_RETAIN_SELF = YES;
				CLANG_WARN_OBJC_LITERAL_CONVERSION = YES;
				CLANG_WARN_OBJC_ROOT_CLASS = YES_ERROR;
				CLANG_WARN_QUOTED_INCLUDE_IN_FRAMEWORK_HEADER = YES;
				CLANG_WARN_RANGE_LOOP_ANALYSIS = YES;
				CLANG_WARN_STRICT_PROTOTYPES = YES;
				CLANG_WARN_SUSPICIOUS_MOVE = YES;
				CLANG_WARN_UNGUARDED_AVAILABILITY = YES_AGGRESSIVE;
				CLANG_WARN_UNREACHABLE_CODE = YES;
				CLANG_WARN__DUPLICATE_METHOD_MATCH = YES;
				COPY_PHASE_STRIP = NO;
				DEAD_CODE_STRIPPING = YES;
				DEBUG_INFORMATION_FORMAT = dwarf;
				ENABLE_STRICT_OBJC_MSGSEND = YES;
				ENABLE_TESTABILITY = YES;
				ENABLE_USER_SCRIPT_SANDBOXING = YES;
				GCC_C_LANGUAGE_STANDARD = gnu17;
				GCC_DYNAMIC_NO_PIC = NO;
				GCC_NO_COMMON_BLOCKS = YES;
				GCC_OPTIMIZATION_LEVEL = 0;
				GCC_PREPROCESSOR_DEFINITIONS = (
					"DEBUG=1",
					"$(inherited)",
				);
				GCC_WARN_64_TO_32_BIT_CONVERSION = YES;
				GCC_WARN_ABOUT_RETURN_TYPE = YES_ERROR;
				GCC_WARN_UNDECLARED_SELECTOR = YES;
				GCC_WARN_UNINITIALIZED_AUTOS = YES_AGGRESSIVE;
				GCC_WARN_UNUSED_FUNCTION = YES;
				GCC_WARN_UNUSED_VARIABLE = YES;
				LOCALIZATION_PREFERS_STRING_CATALOGS = YES;
				MTL_ENABLE_DEBUG_INFO = INCLUDE_SOURCE;
				MTL_FAST_MATH = YES;
				ONLY_ACTIVE_ARCH = YES;
				SWIFT_ACTIVE_COMPILATION_CONDITIONS = "DEBUG $(inherited)";
				SWIFT_OPTIMIZATION_LEVEL = "-Onone";
				WATCHOS_DEPLOYMENT_TARGET = 10.0;
			};
			name = Debug;
		};
		F62A7A732B48700C002A7E25 /* Release */ = {
			isa = XCBuildConfiguration;
			buildSettings = {
				ALWAYS_SEARCH_USER_PATHS = NO;
				ASSETCATALOG_COMPILER_GENERATE_SWIFT_ASSET_SYMBOL_EXTENSIONS = YES;
				CLANG_ANALYZER_NONNULL = YES;
				CLANG_ANALYZER_NUMBER_OBJECT_CONVERSION = YES_AGGRESSIVE;
				CLANG_CXX_LANGUAGE_STANDARD = "gnu++20";
				CLANG_ENABLE_MODULES = YES;
				CLANG_ENABLE_OBJC_ARC = YES;
				CLANG_ENABLE_OBJC_WEAK = YES;
				CLANG_WARN_BLOCK_CAPTURE_AUTORELEASING = YES;
				CLANG_WARN_BOOL_CONVERSION = YES;
				CLANG_WARN_COMMA = YES;
				CLANG_WARN_CONSTANT_CONVERSION = YES;
				CLANG_WARN_DEPRECATED_OBJC_IMPLEMENTATIONS = YES;
				CLANG_WARN_DIRECT_OBJC_ISA_USAGE = YES_ERROR;
				CLANG_WARN_DOCUMENTATION_COMMENTS = YES;
				CLANG_WARN_EMPTY_BODY = YES;
				CLANG_WARN_ENUM_CONVERSION = YES;
				CLANG_WARN_INFINITE_RECURSION = YES;
				CLANG_WARN_INT_CONVERSION = YES;
				CLANG_WARN_NON_LITERAL_NULL_CONVERSION = YES;
				CLANG_WARN_OBJC_IMPLICIT_RETAIN_SELF = YES;
				CLANG_WARN_OBJC_LITERAL_CONVERSION = YES;
				CLANG_WARN_OBJC_ROOT_CLASS = YES_ERROR;
				CLANG_WARN_QUOTED_INCLUDE_IN_FRAMEWORK_HEADER = YES;
				CLANG_WARN_RANGE_LOOP_ANALYSIS = YES;
				CLANG_WARN_STRICT_PROTOTYPES = YES;
				CLANG_WARN_SUSPICIOUS_MOVE = YES;
				CLANG_WARN_UNGUARDED_AVAILABILITY = YES_AGGRESSIVE;
				CLANG_WARN_UNREACHABLE_CODE = YES;
				CLANG_WARN__DUPLICATE_METHOD_MATCH = YES;
				COPY_PHASE_STRIP = NO;
				DEAD_CODE_STRIPPING = YES;
				DEBUG_INFORMATION_FORMAT = "dwarf-with-dsym";
				ENABLE_NS_ASSERTIONS = NO;
				ENABLE_STRICT_OBJC_MSGSEND = YES;
				ENABLE_USER_SCRIPT_SANDBOXING = YES;
				GCC_C_LANGUAGE_STANDARD = gnu17;
				GCC_NO_COMMON_BLOCKS = YES;
				GCC_WARN_64_TO_32_BIT_CONVERSION = YES;
				GCC_WARN_ABOUT_RETURN_TYPE = YES_ERROR;
				GCC_WARN_UNDECLARED_SELECTOR = YES;
				GCC_WARN_UNINITIALIZED_AUTOS = YES_AGGRESSIVE;
				GCC_WARN_UNUSED_FUNCTION = YES;
				GCC_WARN_UNUSED_VARIABLE = YES;
				LOCALIZATION_PREFERS_STRING_CATALOGS = YES;
				MTL_ENABLE_DEBUG_INFO = NO;
				MTL_FAST_MATH = YES;
				SWIFT_COMPILATION_MODE = wholemodule;
				WATCHOS_DEPLOYMENT_TARGET = 10.0;
			};
			name = Release;
		};
		F62A7A752B48700C002A7E25 /* Debug */ = {
			isa = XCBuildConfiguration;
			buildSettings = {
				ASSETCATALOG_COMPILER_APPICON_NAME = AppIcon;
				ASSETCATALOG_COMPILER_GLOBAL_ACCENT_COLOR_NAME = AccentColor;
				ASSETCATALOG_COMPILER_INCLUDE_ALL_APPICON_ASSETS = NO;
				CODE_SIGN_ENTITLEMENTS = "ClimateClock Watch App/ClimateClock Watch App.entitlements";
				CODE_SIGN_IDENTITY = "Apple Development";
				CODE_SIGN_STYLE = Automatic;
				CURRENT_PROJECT_VERSION = 16;
				DEBUG_INFORMATION_FORMAT = "dwarf-with-dsym";
				DEVELOPMENT_ASSET_PATHS = "\"ClimateClock Watch App/Preview Content\"";
				DEVELOPMENT_TEAM = 855632PAQ8;
				ENABLE_PREVIEWS = YES;
				GENERATE_INFOPLIST_FILE = YES;
				INFOPLIST_FILE = "ClimateClock Watch App/Info.plist";
				INFOPLIST_KEY_CFBundleDisplayName = "Climate Clock Watch App";
				INFOPLIST_KEY_UISupportedInterfaceOrientations = "UIInterfaceOrientationPortrait UIInterfaceOrientationPortraitUpsideDown";
				INFOPLIST_KEY_WKCompanionAppBundleIdentifier = design.woven.climateclockapp;
				INFOPLIST_KEY_WKRunsIndependentlyOfCompanionApp = YES;
				LD_RUNPATH_SEARCH_PATHS = (
					"$(inherited)",
					"@executable_path/Frameworks",
				);
				MARKETING_VERSION = 1.5;
				PRODUCT_BUNDLE_IDENTIFIER = design.woven.climateclockapp.watchkitapp;
				PRODUCT_NAME = "$(TARGET_NAME)";
				PROVISIONING_PROFILE_SPECIFIER = "";
				SDKROOT = watchos;
				SKIP_INSTALL = YES;
				SWIFT_EMIT_LOC_STRINGS = YES;
				SWIFT_VERSION = 5.0;
				TARGETED_DEVICE_FAMILY = 4;
				WATCHOS_DEPLOYMENT_TARGET = 10.0;
			};
			name = Debug;
		};
		F62A7A762B48700C002A7E25 /* Release */ = {
			isa = XCBuildConfiguration;
			buildSettings = {
				ASSETCATALOG_COMPILER_APPICON_NAME = AppIcon;
				ASSETCATALOG_COMPILER_GLOBAL_ACCENT_COLOR_NAME = AccentColor;
				ASSETCATALOG_COMPILER_INCLUDE_ALL_APPICON_ASSETS = NO;
				CODE_SIGN_ENTITLEMENTS = "ClimateClock Watch App/ClimateClock Watch App.entitlements";
				CODE_SIGN_IDENTITY = "Apple Development";
				CODE_SIGN_STYLE = Automatic;
				CURRENT_PROJECT_VERSION = 16;
				DEBUG_INFORMATION_FORMAT = "dwarf-with-dsym";
				DEVELOPMENT_ASSET_PATHS = "\"ClimateClock Watch App/Preview Content\"";
				DEVELOPMENT_TEAM = 855632PAQ8;
				ENABLE_PREVIEWS = YES;
				GENERATE_INFOPLIST_FILE = YES;
				INFOPLIST_FILE = "ClimateClock Watch App/Info.plist";
				INFOPLIST_KEY_CFBundleDisplayName = "Climate Clock Watch App";
				INFOPLIST_KEY_UISupportedInterfaceOrientations = "UIInterfaceOrientationPortrait UIInterfaceOrientationPortraitUpsideDown";
				INFOPLIST_KEY_WKCompanionAppBundleIdentifier = design.woven.climateclockapp;
				INFOPLIST_KEY_WKRunsIndependentlyOfCompanionApp = YES;
				LD_RUNPATH_SEARCH_PATHS = (
					"$(inherited)",
					"@executable_path/Frameworks",
				);
				MARKETING_VERSION = 1.5;
				PRODUCT_BUNDLE_IDENTIFIER = design.woven.climateclockapp.watchkitapp;
				PRODUCT_NAME = "$(TARGET_NAME)";
				PROVISIONING_PROFILE_SPECIFIER = "";
				SDKROOT = watchos;
				SKIP_INSTALL = YES;
				SWIFT_EMIT_LOC_STRINGS = YES;
				SWIFT_VERSION = 5.0;
				TARGETED_DEVICE_FAMILY = 4;
				VALIDATE_PRODUCT = YES;
				WATCHOS_DEPLOYMENT_TARGET = 10.0;
			};
			name = Release;
		};
		F62A7A792B48700C002A7E25 /* Debug */ = {
			isa = XCBuildConfiguration;
			buildSettings = {
				ASSETCATALOG_COMPILER_APPICON_NAME = AppIcon;
				ASSETCATALOG_COMPILER_GLOBAL_ACCENT_COLOR_NAME = AccentColor;
				CODE_SIGN_ENTITLEMENTS = ClimateClock/ClimateClock.entitlements;
				CODE_SIGN_STYLE = Automatic;
				CURRENT_PROJECT_VERSION = 16;
				DEVELOPMENT_ASSET_PATHS = "\"ClimateClock/Preview Content\"";
				DEVELOPMENT_TEAM = 855632PAQ8;
				ENABLE_PREVIEWS = YES;
				GENERATE_INFOPLIST_FILE = YES;
				INFOPLIST_FILE = ClimateClock/Info.plist;
				INFOPLIST_KEY_CFBundleDisplayName = "Climate Clock";
				INFOPLIST_KEY_LSApplicationCategoryType = "public.app-category.education";
				INFOPLIST_KEY_UIApplicationSceneManifest_Generation = YES;
				INFOPLIST_KEY_UIApplicationSupportsIndirectInputEvents = YES;
				INFOPLIST_KEY_UILaunchScreen_Generation = YES;
				INFOPLIST_KEY_UISupportedInterfaceOrientations_iPad = "UIInterfaceOrientationPortrait UIInterfaceOrientationPortraitUpsideDown UIInterfaceOrientationLandscapeLeft UIInterfaceOrientationLandscapeRight";
				INFOPLIST_KEY_UISupportedInterfaceOrientations_iPhone = "UIInterfaceOrientationPortrait UIInterfaceOrientationLandscapeLeft UIInterfaceOrientationLandscapeRight";
				IPHONEOS_DEPLOYMENT_TARGET = 17.0;
				LD_RUNPATH_SEARCH_PATHS = (
					"$(inherited)",
					"@executable_path/Frameworks",
				);
				MARKETING_VERSION = 1.5;
				PRODUCT_BUNDLE_IDENTIFIER = design.woven.climateclockapp;
				PRODUCT_NAME = "$(TARGET_NAME)";
				SDKROOT = iphoneos;
				SWIFT_EMIT_LOC_STRINGS = YES;
				SWIFT_VERSION = 5.0;
				TARGETED_DEVICE_FAMILY = "1,2";
			};
			name = Debug;
		};
		F62A7A7A2B48700C002A7E25 /* Release */ = {
			isa = XCBuildConfiguration;
			buildSettings = {
				ASSETCATALOG_COMPILER_APPICON_NAME = AppIcon;
				ASSETCATALOG_COMPILER_GLOBAL_ACCENT_COLOR_NAME = AccentColor;
				CODE_SIGN_ENTITLEMENTS = ClimateClock/ClimateClock.entitlements;
				CODE_SIGN_STYLE = Automatic;
				CURRENT_PROJECT_VERSION = 16;
				DEVELOPMENT_ASSET_PATHS = "\"ClimateClock/Preview Content\"";
				DEVELOPMENT_TEAM = 855632PAQ8;
				ENABLE_PREVIEWS = YES;
				GENERATE_INFOPLIST_FILE = YES;
				INFOPLIST_FILE = ClimateClock/Info.plist;
				INFOPLIST_KEY_CFBundleDisplayName = "Climate Clock";
				INFOPLIST_KEY_LSApplicationCategoryType = "public.app-category.education";
				INFOPLIST_KEY_UIApplicationSceneManifest_Generation = YES;
				INFOPLIST_KEY_UIApplicationSupportsIndirectInputEvents = YES;
				INFOPLIST_KEY_UILaunchScreen_Generation = YES;
				INFOPLIST_KEY_UISupportedInterfaceOrientations_iPad = "UIInterfaceOrientationPortrait UIInterfaceOrientationPortraitUpsideDown UIInterfaceOrientationLandscapeLeft UIInterfaceOrientationLandscapeRight";
				INFOPLIST_KEY_UISupportedInterfaceOrientations_iPhone = "UIInterfaceOrientationPortrait UIInterfaceOrientationLandscapeLeft UIInterfaceOrientationLandscapeRight";
				IPHONEOS_DEPLOYMENT_TARGET = 17.0;
				LD_RUNPATH_SEARCH_PATHS = (
					"$(inherited)",
					"@executable_path/Frameworks",
				);
				MARKETING_VERSION = 1.5;
				PRODUCT_BUNDLE_IDENTIFIER = design.woven.climateclockapp;
				PRODUCT_NAME = "$(TARGET_NAME)";
				SDKROOT = iphoneos;
				SWIFT_EMIT_LOC_STRINGS = YES;
				SWIFT_VERSION = 5.0;
				TARGETED_DEVICE_FAMILY = "1,2";
				VALIDATE_PRODUCT = YES;
			};
			name = Release;
		};
		F6579C7A2C2043AC003F037D /* Debug */ = {
			isa = XCBuildConfiguration;
			buildSettings = {
				ASSETCATALOG_COMPILER_GLOBAL_ACCENT_COLOR_NAME = AccentColor;
				ASSETCATALOG_COMPILER_WIDGET_BACKGROUND_COLOR_NAME = WidgetBackground;
				CODE_SIGN_ENTITLEMENTS = watchWidgets.entitlements;
				CODE_SIGN_IDENTITY = "Apple Development";
				CODE_SIGN_STYLE = Automatic;
				CURRENT_PROJECT_VERSION = 16;
				DEVELOPMENT_TEAM = 855632PAQ8;
				GENERATE_INFOPLIST_FILE = YES;
				INFOPLIST_FILE = Widgets/WatchWidgets/Info.plist;
				INFOPLIST_KEY_CFBundleDisplayName = WatchWidgets;
				INFOPLIST_KEY_NSHumanReadableCopyright = "Copyright © 2024 woven. All rights reserved.";
				LD_RUNPATH_SEARCH_PATHS = (
					"$(inherited)",
					"@executable_path/Frameworks",
					"@executable_path/../../Frameworks",
					"@executable_path/../../../../Frameworks",
				);
				MARKETING_VERSION = 1.5;
				PRODUCT_BUNDLE_IDENTIFIER = design.woven.climateclockapp.watchkitapp.ClimateClockWidgets;
				PRODUCT_NAME = "$(TARGET_NAME)";
				SDKROOT = watchos;
				SKIP_INSTALL = YES;
				SWIFT_EMIT_LOC_STRINGS = YES;
				SWIFT_VERSION = 5.0;
				TARGETED_DEVICE_FAMILY = 4;
				WATCHOS_DEPLOYMENT_TARGET = 10.0;
			};
			name = Debug;
		};
		F6579C7B2C2043AC003F037D /* Release */ = {
			isa = XCBuildConfiguration;
			buildSettings = {
				ASSETCATALOG_COMPILER_GLOBAL_ACCENT_COLOR_NAME = AccentColor;
				ASSETCATALOG_COMPILER_WIDGET_BACKGROUND_COLOR_NAME = WidgetBackground;
				CODE_SIGN_ENTITLEMENTS = watchWidgets.entitlements;
				CODE_SIGN_IDENTITY = "Apple Development";
				CODE_SIGN_STYLE = Automatic;
				CURRENT_PROJECT_VERSION = 16;
				DEVELOPMENT_TEAM = 855632PAQ8;
				GENERATE_INFOPLIST_FILE = YES;
				INFOPLIST_FILE = Widgets/WatchWidgets/Info.plist;
				INFOPLIST_KEY_CFBundleDisplayName = WatchWidgets;
				INFOPLIST_KEY_NSHumanReadableCopyright = "Copyright © 2024 woven. All rights reserved.";
				LD_RUNPATH_SEARCH_PATHS = (
					"$(inherited)",
					"@executable_path/Frameworks",
					"@executable_path/../../Frameworks",
					"@executable_path/../../../../Frameworks",
				);
				MARKETING_VERSION = 1.5;
				PRODUCT_BUNDLE_IDENTIFIER = design.woven.climateclockapp.watchkitapp.ClimateClockWidgets;
				PRODUCT_NAME = "$(TARGET_NAME)";
				SDKROOT = watchos;
				SKIP_INSTALL = YES;
				SWIFT_EMIT_LOC_STRINGS = YES;
				SWIFT_VERSION = 5.0;
				TARGETED_DEVICE_FAMILY = 4;
				VALIDATE_PRODUCT = YES;
				WATCHOS_DEPLOYMENT_TARGET = 10.0;
			};
			name = Release;
		};
/* End XCBuildConfiguration section */

/* Begin XCConfigurationList section */
		F62A7A4F2B48700A002A7E25 /* Build configuration list for PBXProject "ClimateClock" */ = {
			isa = XCConfigurationList;
			buildConfigurations = (
				F62A7A722B48700C002A7E25 /* Debug */,
				F62A7A732B48700C002A7E25 /* Release */,
			);
			defaultConfigurationIsVisible = 0;
			defaultConfigurationName = Release;
		};
		F62A7A742B48700C002A7E25 /* Build configuration list for PBXNativeTarget "ClimateClock Watch App" */ = {
			isa = XCConfigurationList;
			buildConfigurations = (
				F62A7A752B48700C002A7E25 /* Debug */,
				F62A7A762B48700C002A7E25 /* Release */,
			);
			defaultConfigurationIsVisible = 0;
			defaultConfigurationName = Release;
		};
		F62A7A782B48700C002A7E25 /* Build configuration list for PBXNativeTarget "ClimateClock" */ = {
			isa = XCConfigurationList;
			buildConfigurations = (
				F62A7A792B48700C002A7E25 /* Debug */,
				F62A7A7A2B48700C002A7E25 /* Release */,
			);
			defaultConfigurationIsVisible = 0;
			defaultConfigurationName = Release;
		};
		F6579C7C2C2043AC003F037D /* Build configuration list for PBXNativeTarget "watchWidgets" */ = {
			isa = XCConfigurationList;
			buildConfigurations = (
				F6579C7A2C2043AC003F037D /* Debug */,
				F6579C7B2C2043AC003F037D /* Release */,
			);
			defaultConfigurationIsVisible = 0;
			defaultConfigurationName = Release;
		};
/* End XCConfigurationList section */

/* Begin XCRemoteSwiftPackageReference section */
		F6EF80E22C079AB8001996C9 /* XCRemoteSwiftPackageReference "sentry-cocoa" */ = {
			isa = XCRemoteSwiftPackageReference;
			repositoryURL = "https://github.com/getsentry/sentry-cocoa";
			requirement = {
				kind = upToNextMajorVersion;
				minimumVersion = 8.26.0;
			};
		};
/* End XCRemoteSwiftPackageReference section */

/* Begin XCSwiftPackageProductDependency section */
		F6EF80E32C079AB8001996C9 /* Sentry */ = {
			isa = XCSwiftPackageProductDependency;
			package = F6EF80E22C079AB8001996C9 /* XCRemoteSwiftPackageReference "sentry-cocoa" */;
			productName = Sentry;
		};
/* End XCSwiftPackageProductDependency section */
	};
	rootObject = F62A7A4C2B48700A002A7E25 /* Project object */;
}
