// !$*UTF8*$!
{
	archiveVersion = 1;
	classes = {
	};
	objectVersion = 56;
	objects = {

/* Begin PBXBuildFile section */
		F60B29A22B8F7FA600E41091 /* AboutView.swift in Sources */ = {isa = PBXBuildFile; fileRef = F60B29A12B8F7FA600E41091 /* AboutView.swift */; };
		F60B29A42B8F837500E41091 /* NewsView.swift in Sources */ = {isa = PBXBuildFile; fileRef = F60B29A32B8F837500E41091 /* NewsView.swift */; };
		F60B29AD2B8F91F900E41091 /* Solar Analogue.watchface in Resources */ = {isa = PBXBuildFile; fileRef = F60B29AC2B8F91F900E41091 /* Solar Analogue.watchface */; };
		F60B29AE2B8F91F900E41091 /* Solar Analogue.watchface in Resources */ = {isa = PBXBuildFile; fileRef = F60B29AC2B8F91F900E41091 /* Solar Analogue.watchface */; };
		F60B29AF2B8F91F900E41091 /* Solar Analogue.watchface in Resources */ = {isa = PBXBuildFile; fileRef = F60B29AC2B8F91F900E41091 /* Solar Analogue.watchface */; };
		F60B29B22B8F9C1E00E41091 /* ClimateClockData.swift in Sources */ = {isa = PBXBuildFile; fileRef = F60B29B12B8F9C1E00E41091 /* ClimateClockData.swift */; };
		F60B29B32B8F9C1E00E41091 /* ClimateClockData.swift in Sources */ = {isa = PBXBuildFile; fileRef = F60B29B12B8F9C1E00E41091 /* ClimateClockData.swift */; };
		F60B29B42B8F9C1E00E41091 /* ClimateClockData.swift in Sources */ = {isa = PBXBuildFile; fileRef = F60B29B12B8F9C1E00E41091 /* ClimateClockData.swift */; };
		F6256D8D2BF39FE10012FD30 /* Client.swift in Sources */ = {isa = PBXBuildFile; fileRef = F6256D8C2BF39FE10012FD30 /* Client.swift */; };
		F6256D8E2BF39FE10012FD30 /* Client.swift in Sources */ = {isa = PBXBuildFile; fileRef = F6256D8C2BF39FE10012FD30 /* Client.swift */; };
		F6256D8F2BF39FE10012FD30 /* Client.swift in Sources */ = {isa = PBXBuildFile; fileRef = F6256D8C2BF39FE10012FD30 /* Client.swift */; };
		F6256D952BF3B2200012FD30 /* DataModels.swift in Sources */ = {isa = PBXBuildFile; fileRef = F6256D942BF3B2200012FD30 /* DataModels.swift */; };
		F6256D962BF3B2200012FD30 /* DataModels.swift in Sources */ = {isa = PBXBuildFile; fileRef = F6256D942BF3B2200012FD30 /* DataModels.swift */; };
		F6256D972BF3B2200012FD30 /* DataModels.swift in Sources */ = {isa = PBXBuildFile; fileRef = F6256D942BF3B2200012FD30 /* DataModels.swift */; };
		F6256D9B2BF3BB310012FD30 /* LifeLineCell.swift in Sources */ = {isa = PBXBuildFile; fileRef = F6256D9A2BF3BB310012FD30 /* LifeLineCell.swift */; };
		F62A7A582B48700A002A7E25 /* ClimateClockApp.swift in Sources */ = {isa = PBXBuildFile; fileRef = F62A7A572B48700A002A7E25 /* ClimateClockApp.swift */; };
		F62A7A5A2B48700A002A7E25 /* ContentView.swift in Sources */ = {isa = PBXBuildFile; fileRef = F62A7A592B48700A002A7E25 /* ContentView.swift */; };
		F62A7A5C2B48700B002A7E25 /* Assets.xcassets in Resources */ = {isa = PBXBuildFile; fileRef = F62A7A5B2B48700B002A7E25 /* Assets.xcassets */; };
		F62A7A5F2B48700B002A7E25 /* Preview Assets.xcassets in Resources */ = {isa = PBXBuildFile; fileRef = F62A7A5E2B48700B002A7E25 /* Preview Assets.xcassets */; };
		F62A7A652B48700B002A7E25 /* ClimateClock Watch App.app in Embed Watch Content */ = {isa = PBXBuildFile; fileRef = F62A7A642B48700B002A7E25 /* ClimateClock Watch App.app */; settings = {ATTRIBUTES = (RemoveHeadersOnCopy, ); }; };
		F62A7A6A2B48700B002A7E25 /* App.ClimateClock.swift in Sources */ = {isa = PBXBuildFile; fileRef = F62A7A692B48700B002A7E25 /* App.ClimateClock.swift */; };
		F62A7A6C2B48700B002A7E25 /* ContentView.swift in Sources */ = {isa = PBXBuildFile; fileRef = F62A7A6B2B48700B002A7E25 /* ContentView.swift */; };
		F62A7A6E2B48700C002A7E25 /* Assets.xcassets in Resources */ = {isa = PBXBuildFile; fileRef = F62A7A6D2B48700C002A7E25 /* Assets.xcassets */; };
		F62A7A712B48700C002A7E25 /* Preview Assets.xcassets in Resources */ = {isa = PBXBuildFile; fileRef = F62A7A702B48700C002A7E25 /* Preview Assets.xcassets */; };
		F62A7AB32B487134002A7E25 /* WidgetKit.framework in Frameworks */ = {isa = PBXBuildFile; fileRef = F62A7A812B487048002A7E25 /* WidgetKit.framework */; };
		F62A7AB42B487134002A7E25 /* SwiftUI.framework in Frameworks */ = {isa = PBXBuildFile; fileRef = F62A7A832B487048002A7E25 /* SwiftUI.framework */; };
		F62A7AB72B487134002A7E25 /* Deadline_Complication.swift in Sources */ = {isa = PBXBuildFile; fileRef = F62A7AB62B487134002A7E25 /* Deadline_Complication.swift */; };
		F62A7AB92B487134002A7E25 /* AppIntent.swift in Sources */ = {isa = PBXBuildFile; fileRef = F62A7AB82B487134002A7E25 /* AppIntent.swift */; };
		F62A7ABB2B487136002A7E25 /* Assets.xcassets in Resources */ = {isa = PBXBuildFile; fileRef = F62A7ABA2B487136002A7E25 /* Assets.xcassets */; };
		F62A7ABF2B487136002A7E25 /* Deadline ComplicationExtension.appex in Embed Foundation Extensions */ = {isa = PBXBuildFile; fileRef = F62A7AB22B487134002A7E25 /* Deadline ComplicationExtension.appex */; settings = {ATTRIBUTES = (RemoveHeadersOnCopy, ); }; };
		F62A7AC42B496B73002A7E25 /* ClimateClockAPIFetch.swift in Sources */ = {isa = PBXBuildFile; fileRef = F62A7AC32B496B73002A7E25 /* ClimateClockAPIFetch.swift */; };
		F62A7AC52B496B73002A7E25 /* ClimateClockAPIFetch.swift in Sources */ = {isa = PBXBuildFile; fileRef = F62A7AC32B496B73002A7E25 /* ClimateClockAPIFetch.swift */; };
		F62A7AC62B496B73002A7E25 /* ClimateClockAPIFetch.swift in Sources */ = {isa = PBXBuildFile; fileRef = F62A7AC32B496B73002A7E25 /* ClimateClockAPIFetch.swift */; };
		F62EED5C2BBB2E5C00352E46 /* NetworkManager.swift in Sources */ = {isa = PBXBuildFile; fileRef = F62EED592BBB2E5C00352E46 /* NetworkManager.swift */; };
		F62EED5D2BBB2E5C00352E46 /* NetworkManager.swift in Sources */ = {isa = PBXBuildFile; fileRef = F62EED592BBB2E5C00352E46 /* NetworkManager.swift */; };
		F62EED5E2BBB2E5C00352E46 /* NetworkManager.swift in Sources */ = {isa = PBXBuildFile; fileRef = F62EED592BBB2E5C00352E46 /* NetworkManager.swift */; };
		F62EED5F2BBB2E5C00352E46 /* CCError.swift in Sources */ = {isa = PBXBuildFile; fileRef = F62EED5A2BBB2E5C00352E46 /* CCError.swift */; };
		F62EED602BBB2E5C00352E46 /* CCError.swift in Sources */ = {isa = PBXBuildFile; fileRef = F62EED5A2BBB2E5C00352E46 /* CCError.swift */; };
		F62EED612BBB2E5C00352E46 /* CCError.swift in Sources */ = {isa = PBXBuildFile; fileRef = F62EED5A2BBB2E5C00352E46 /* CCError.swift */; };
		F643B9502B8F7536006D1AC5 /* LifelineView.swift in Sources */ = {isa = PBXBuildFile; fileRef = F643B94F2B8F7536006D1AC5 /* LifelineView.swift */; };
		F64C7ADC2B9F139900E40BB6 /* LifelineComplication.swift in Sources */ = {isa = PBXBuildFile; fileRef = F64C7ADB2B9F139900E40BB6 /* LifelineComplication.swift */; };
		F64C7ADE2B9F157900E40BB6 /* LifelineModel.swift in Sources */ = {isa = PBXBuildFile; fileRef = F64C7ADD2B9F157900E40BB6 /* LifelineModel.swift */; };
		F672CA452B7D4F4100FAA4B4 /* CountdownView.swift in Sources */ = {isa = PBXBuildFile; fileRef = F672CA442B7D4F4100FAA4B4 /* CountdownView.swift */; };
		F673949E2BBC3FD900B7258D /* Alert.swift in Sources */ = {isa = PBXBuildFile; fileRef = F673949D2BBC3FD900B7258D /* Alert.swift */; };
		F67BD6802B7D2C590015ECBE /* Graph.swift in Sources */ = {isa = PBXBuildFile; fileRef = F67BD67F2B7D2C590015ECBE /* Graph.swift */; };
		F6C570952B7D00240001DCE7 /* GraphView.swift in Sources */ = {isa = PBXBuildFile; fileRef = F6C570942B7D00240001DCE7 /* GraphView.swift */; };
		F6C570972B7D00320001DCE7 /* GraphViewModel.swift in Sources */ = {isa = PBXBuildFile; fileRef = F6C570962B7D00320001DCE7 /* GraphViewModel.swift */; };
		F6C5709A2B7D027C0001DCE7 /* PredictionModel.swift in Sources */ = {isa = PBXBuildFile; fileRef = F6C570992B7D027C0001DCE7 /* PredictionModel.swift */; };
		F6CCBC9F2BD11B7600EB80C2 /* OswaldVF.ttf in Resources */ = {isa = PBXBuildFile; fileRef = F6CCBC9E2BD11B7600EB80C2 /* OswaldVF.ttf */; };
		F6CCBCA02BD11B7600EB80C2 /* OswaldVF.ttf in Resources */ = {isa = PBXBuildFile; fileRef = F6CCBC9E2BD11B7600EB80C2 /* OswaldVF.ttf */; };
		F6CCBCA12BD11B7600EB80C2 /* OswaldVF.ttf in Resources */ = {isa = PBXBuildFile; fileRef = F6CCBC9E2BD11B7600EB80C2 /* OswaldVF.ttf */; };
		F6CCBCA32BD170F700EB80C2 /* TabTitle.swift in Sources */ = {isa = PBXBuildFile; fileRef = F6CCBCA22BD170F700EB80C2 /* TabTitle.swift */; };
		F6D315E12BBD85FD00C75299 /* NewsListItem.swift in Sources */ = {isa = PBXBuildFile; fileRef = F6D315E02BBD85FD00C75299 /* NewsListItem.swift */; };
		F6D315E32BBDB98D00C75299 /* Oswald-VariableFont_wght.ttf in Resources */ = {isa = PBXBuildFile; fileRef = F6D315E22BBDB98D00C75299 /* Oswald-VariableFont_wght.ttf */; };
		F6D315E42BBDB98D00C75299 /* Oswald-VariableFont_wght.ttf in Resources */ = {isa = PBXBuildFile; fileRef = F6D315E22BBDB98D00C75299 /* Oswald-VariableFont_wght.ttf */; };
		F6D315E52BBDB98D00C75299 /* Oswald-VariableFont_wght.ttf in Resources */ = {isa = PBXBuildFile; fileRef = F6D315E22BBDB98D00C75299 /* Oswald-VariableFont_wght.ttf */; };
		F6D315E72BBDB9E500C75299 /* Assistant-VariableFont_wght.ttf in Resources */ = {isa = PBXBuildFile; fileRef = F6D315E62BBDB9E500C75299 /* Assistant-VariableFont_wght.ttf */; };
		F6D315E82BBDB9E500C75299 /* Assistant-VariableFont_wght.ttf in Resources */ = {isa = PBXBuildFile; fileRef = F6D315E62BBDB9E500C75299 /* Assistant-VariableFont_wght.ttf */; };
		F6D315E92BBDB9E500C75299 /* Assistant-VariableFont_wght.ttf in Resources */ = {isa = PBXBuildFile; fileRef = F6D315E62BBDB9E500C75299 /* Assistant-VariableFont_wght.ttf */; };
		F6D315EC2BBDC34E00C75299 /* NotificationManager.swift in Sources */ = {isa = PBXBuildFile; fileRef = F6D315EB2BBDC34E00C75299 /* NotificationManager.swift */; };
		F6D315ED2BBDC34E00C75299 /* NotificationManager.swift in Sources */ = {isa = PBXBuildFile; fileRef = F6D315EB2BBDC34E00C75299 /* NotificationManager.swift */; };
		F6D315EE2BBDC34E00C75299 /* NotificationManager.swift in Sources */ = {isa = PBXBuildFile; fileRef = F6D315EB2BBDC34E00C75299 /* NotificationManager.swift */; };
/* End PBXBuildFile section */

/* Begin PBXContainerItemProxy section */
		F62A7A662B48700B002A7E25 /* PBXContainerItemProxy */ = {
			isa = PBXContainerItemProxy;
			containerPortal = F62A7A4C2B48700A002A7E25 /* Project object */;
			proxyType = 1;
			remoteGlobalIDString = F62A7A632B48700B002A7E25;
			remoteInfo = "ClimateClock Watch App";
		};
		F62A7ABD2B487136002A7E25 /* PBXContainerItemProxy */ = {
			isa = PBXContainerItemProxy;
			containerPortal = F62A7A4C2B48700A002A7E25 /* Project object */;
			proxyType = 1;
			remoteGlobalIDString = F62A7AB12B487134002A7E25;
			remoteInfo = "Deadline ComplicationExtension";
		};
/* End PBXContainerItemProxy section */

/* Begin PBXCopyFilesBuildPhase section */
		F62A7A772B48700C002A7E25 /* Embed Watch Content */ = {
			isa = PBXCopyFilesBuildPhase;
			buildActionMask = 2147483647;
			dstPath = "$(CONTENTS_FOLDER_PATH)/Watch";
			dstSubfolderSpec = 16;
			files = (
				F62A7A652B48700B002A7E25 /* ClimateClock Watch App.app in Embed Watch Content */,
			);
			name = "Embed Watch Content";
			runOnlyForDeploymentPostprocessing = 0;
		};
		F62A7A932B48704A002A7E25 /* Embed Foundation Extensions */ = {
			isa = PBXCopyFilesBuildPhase;
			buildActionMask = 2147483647;
			dstPath = "";
			dstSubfolderSpec = 13;
			files = (
				F62A7ABF2B487136002A7E25 /* Deadline ComplicationExtension.appex in Embed Foundation Extensions */,
			);
			name = "Embed Foundation Extensions";
			runOnlyForDeploymentPostprocessing = 0;
		};
		F62A7AAD2B48708E002A7E25 /* Embed Foundation Extensions */ = {
			isa = PBXCopyFilesBuildPhase;
			buildActionMask = 2147483647;
			dstPath = "";
			dstSubfolderSpec = 13;
			files = (
			);
			name = "Embed Foundation Extensions";
			runOnlyForDeploymentPostprocessing = 0;
		};
/* End PBXCopyFilesBuildPhase section */

/* Begin PBXFileReference section */
		F60B29A12B8F7FA600E41091 /* AboutView.swift */ = {isa = PBXFileReference; lastKnownFileType = sourcecode.swift; path = AboutView.swift; sourceTree = "<group>"; };
		F60B29A32B8F837500E41091 /* NewsView.swift */ = {isa = PBXFileReference; lastKnownFileType = sourcecode.swift; path = NewsView.swift; sourceTree = "<group>"; };
		F60B29AC2B8F91F900E41091 /* Solar Analogue.watchface */ = {isa = PBXFileReference; lastKnownFileType = file; path = "Solar Analogue.watchface"; sourceTree = "<group>"; };
		F60B29B12B8F9C1E00E41091 /* ClimateClockData.swift */ = {isa = PBXFileReference; lastKnownFileType = sourcecode.swift; path = ClimateClockData.swift; sourceTree = "<group>"; };
		F6256D8C2BF39FE10012FD30 /* Client.swift */ = {isa = PBXFileReference; lastKnownFileType = sourcecode.swift; path = Client.swift; sourceTree = "<group>"; };
		F6256D942BF3B2200012FD30 /* DataModels.swift */ = {isa = PBXFileReference; lastKnownFileType = sourcecode.swift; path = DataModels.swift; sourceTree = "<group>"; };
		F6256D9A2BF3BB310012FD30 /* LifeLineCell.swift */ = {isa = PBXFileReference; lastKnownFileType = sourcecode.swift; path = LifeLineCell.swift; sourceTree = "<group>"; };
		F62A7A542B48700A002A7E25 /* ClimateClock.app */ = {isa = PBXFileReference; explicitFileType = wrapper.application; includeInIndex = 0; path = ClimateClock.app; sourceTree = BUILT_PRODUCTS_DIR; };
		F62A7A572B48700A002A7E25 /* ClimateClockApp.swift */ = {isa = PBXFileReference; lastKnownFileType = sourcecode.swift; path = ClimateClockApp.swift; sourceTree = "<group>"; };
		F62A7A592B48700A002A7E25 /* ContentView.swift */ = {isa = PBXFileReference; lastKnownFileType = sourcecode.swift; path = ContentView.swift; sourceTree = "<group>"; };
		F62A7A5B2B48700B002A7E25 /* Assets.xcassets */ = {isa = PBXFileReference; lastKnownFileType = folder.assetcatalog; path = Assets.xcassets; sourceTree = "<group>"; };
		F62A7A5E2B48700B002A7E25 /* Preview Assets.xcassets */ = {isa = PBXFileReference; lastKnownFileType = folder.assetcatalog; path = "Preview Assets.xcassets"; sourceTree = "<group>"; };
		F62A7A642B48700B002A7E25 /* ClimateClock Watch App.app */ = {isa = PBXFileReference; explicitFileType = wrapper.application; includeInIndex = 0; path = "ClimateClock Watch App.app"; sourceTree = BUILT_PRODUCTS_DIR; };
		F62A7A692B48700B002A7E25 /* App.ClimateClock.swift */ = {isa = PBXFileReference; lastKnownFileType = sourcecode.swift; path = App.ClimateClock.swift; sourceTree = "<group>"; };
		F62A7A6B2B48700B002A7E25 /* ContentView.swift */ = {isa = PBXFileReference; lastKnownFileType = sourcecode.swift; path = ContentView.swift; sourceTree = "<group>"; };
		F62A7A6D2B48700C002A7E25 /* Assets.xcassets */ = {isa = PBXFileReference; lastKnownFileType = folder.assetcatalog; path = Assets.xcassets; sourceTree = "<group>"; };
		F62A7A702B48700C002A7E25 /* Preview Assets.xcassets */ = {isa = PBXFileReference; lastKnownFileType = folder.assetcatalog; path = "Preview Assets.xcassets"; sourceTree = "<group>"; };
		F62A7A812B487048002A7E25 /* WidgetKit.framework */ = {isa = PBXFileReference; lastKnownFileType = wrapper.framework; name = WidgetKit.framework; path = System/Library/Frameworks/WidgetKit.framework; sourceTree = SDKROOT; };
		F62A7A832B487048002A7E25 /* SwiftUI.framework */ = {isa = PBXFileReference; lastKnownFileType = wrapper.framework; name = SwiftUI.framework; path = System/Library/Frameworks/SwiftUI.framework; sourceTree = SDKROOT; };
		F62A7AB22B487134002A7E25 /* Deadline ComplicationExtension.appex */ = {isa = PBXFileReference; explicitFileType = "wrapper.app-extension"; includeInIndex = 0; path = "Deadline ComplicationExtension.appex"; sourceTree = BUILT_PRODUCTS_DIR; };
		F62A7AB62B487134002A7E25 /* Deadline_Complication.swift */ = {isa = PBXFileReference; lastKnownFileType = sourcecode.swift; path = Deadline_Complication.swift; sourceTree = "<group>"; };
		F62A7AB82B487134002A7E25 /* AppIntent.swift */ = {isa = PBXFileReference; lastKnownFileType = sourcecode.swift; path = AppIntent.swift; sourceTree = "<group>"; };
		F62A7ABA2B487136002A7E25 /* Assets.xcassets */ = {isa = PBXFileReference; lastKnownFileType = folder.assetcatalog; path = Assets.xcassets; sourceTree = "<group>"; };
		F62A7ABC2B487136002A7E25 /* Info.plist */ = {isa = PBXFileReference; lastKnownFileType = text.plist.xml; path = Info.plist; sourceTree = "<group>"; };
		F62A7AC32B496B73002A7E25 /* ClimateClockAPIFetch.swift */ = {isa = PBXFileReference; lastKnownFileType = sourcecode.swift; path = ClimateClockAPIFetch.swift; sourceTree = "<group>"; };
		F62DCB852B7BD4BD00855D88 /* ClimateClock-Watch-App-Info.plist */ = {isa = PBXFileReference; lastKnownFileType = text.plist; path = "ClimateClock-Watch-App-Info.plist"; sourceTree = SOURCE_ROOT; };
		F62EED592BBB2E5C00352E46 /* NetworkManager.swift */ = {isa = PBXFileReference; fileEncoding = 4; lastKnownFileType = sourcecode.swift; path = NetworkManager.swift; sourceTree = "<group>"; };
		F62EED5A2BBB2E5C00352E46 /* CCError.swift */ = {isa = PBXFileReference; fileEncoding = 4; lastKnownFileType = sourcecode.swift; path = CCError.swift; sourceTree = "<group>"; };
		F643B94F2B8F7536006D1AC5 /* LifelineView.swift */ = {isa = PBXFileReference; lastKnownFileType = sourcecode.swift; path = LifelineView.swift; sourceTree = "<group>"; };
		F64C7ADB2B9F139900E40BB6 /* LifelineComplication.swift */ = {isa = PBXFileReference; lastKnownFileType = sourcecode.swift; path = LifelineComplication.swift; sourceTree = "<group>"; };
		F64C7ADD2B9F157900E40BB6 /* LifelineModel.swift */ = {isa = PBXFileReference; lastKnownFileType = sourcecode.swift; path = LifelineModel.swift; sourceTree = "<group>"; };
		F672CA442B7D4F4100FAA4B4 /* CountdownView.swift */ = {isa = PBXFileReference; lastKnownFileType = sourcecode.swift; path = CountdownView.swift; sourceTree = "<group>"; };
		F673949D2BBC3FD900B7258D /* Alert.swift */ = {isa = PBXFileReference; lastKnownFileType = sourcecode.swift; path = Alert.swift; sourceTree = "<group>"; };
		F67BD67F2B7D2C590015ECBE /* Graph.swift */ = {isa = PBXFileReference; lastKnownFileType = sourcecode.swift; path = Graph.swift; sourceTree = "<group>"; };
		F6C570942B7D00240001DCE7 /* GraphView.swift */ = {isa = PBXFileReference; lastKnownFileType = sourcecode.swift; path = GraphView.swift; sourceTree = "<group>"; };
		F6C570962B7D00320001DCE7 /* GraphViewModel.swift */ = {isa = PBXFileReference; lastKnownFileType = sourcecode.swift; path = GraphViewModel.swift; sourceTree = "<group>"; };
		F6C570992B7D027C0001DCE7 /* PredictionModel.swift */ = {isa = PBXFileReference; lastKnownFileType = sourcecode.swift; path = PredictionModel.swift; sourceTree = "<group>"; };
		F6CCBC9E2BD11B7600EB80C2 /* OswaldVF.ttf */ = {isa = PBXFileReference; lastKnownFileType = file; path = OswaldVF.ttf; sourceTree = "<group>"; };
		F6CCBCA22BD170F700EB80C2 /* TabTitle.swift */ = {isa = PBXFileReference; lastKnownFileType = sourcecode.swift; path = TabTitle.swift; sourceTree = "<group>"; };
		F6D315E02BBD85FD00C75299 /* NewsListItem.swift */ = {isa = PBXFileReference; lastKnownFileType = sourcecode.swift; path = NewsListItem.swift; sourceTree = "<group>"; };
		F6D315E22BBDB98D00C75299 /* Oswald-VariableFont_wght.ttf */ = {isa = PBXFileReference; lastKnownFileType = file; path = "Oswald-VariableFont_wght.ttf"; sourceTree = "<group>"; };
		F6D315E62BBDB9E500C75299 /* Assistant-VariableFont_wght.ttf */ = {isa = PBXFileReference; lastKnownFileType = file; path = "Assistant-VariableFont_wght.ttf"; sourceTree = "<group>"; };
		F6D315EB2BBDC34E00C75299 /* NotificationManager.swift */ = {isa = PBXFileReference; lastKnownFileType = sourcecode.swift; path = NotificationManager.swift; sourceTree = "<group>"; };
/* End PBXFileReference section */

/* Begin PBXFrameworksBuildPhase section */
		F62A7A512B48700A002A7E25 /* Frameworks */ = {
			isa = PBXFrameworksBuildPhase;
			buildActionMask = 2147483647;
			files = (
			);
			runOnlyForDeploymentPostprocessing = 0;
		};
		F62A7A612B48700B002A7E25 /* Frameworks */ = {
			isa = PBXFrameworksBuildPhase;
			buildActionMask = 2147483647;
			files = (
			);
			runOnlyForDeploymentPostprocessing = 0;
		};
		F62A7AAF2B487134002A7E25 /* Frameworks */ = {
			isa = PBXFrameworksBuildPhase;
			buildActionMask = 2147483647;
			files = (
				F62A7AB42B487134002A7E25 /* SwiftUI.framework in Frameworks */,
				F62A7AB32B487134002A7E25 /* WidgetKit.framework in Frameworks */,
			);
			runOnlyForDeploymentPostprocessing = 0;
		};
/* End PBXFrameworksBuildPhase section */

/* Begin PBXGroup section */
		F60B29A52B8F8D3500E41091 /* Utilities */ = {
			isa = PBXGroup;
			children = (
				F673949C2BBC3FC400B7258D /* Alert */,
				F62EED5B2BBB2E5C00352E46 /* Managers */,
			);
			path = Utilities;
			sourceTree = "<group>";
		};
		F60B29B02B8F9C0D00E41091 /* Model */ = {
			isa = PBXGroup;
			children = (
				F60B29B12B8F9C1E00E41091 /* ClimateClockData.swift */,
				F6256D942BF3B2200012FD30 /* DataModels.swift */,
			);
			path = Model;
			sourceTree = "<group>";
		};
		F6256D982BF3BA470012FD30 /* Tabs */ = {
			isa = PBXGroup;
			children = (
				F6256D992BF3BA560012FD30 /* LifeLines */,
			);
			path = Tabs;
			sourceTree = "<group>";
		};
		F6256D992BF3BA560012FD30 /* LifeLines */ = {
			isa = PBXGroup;
			children = (
				F643B94F2B8F7536006D1AC5 /* LifelineView.swift */,
				F6256D9A2BF3BB310012FD30 /* LifeLineCell.swift */,
			);
			path = LifeLines;
			sourceTree = "<group>";
		};
		F62A7A4B2B48700A002A7E25 = {
			isa = PBXGroup;
			children = (
				F62DCB7F2B7BD26C00855D88 /* Shared */,
				F62A7A562B48700A002A7E25 /* ClimateClock */,
				F62A7A682B48700B002A7E25 /* ClimateClock Watch App */,
				F62A7AB52B487134002A7E25 /* Deadline Complication */,
				F62A7A802B487048002A7E25 /* Frameworks */,
				F62A7A552B48700A002A7E25 /* Products */,
			);
			sourceTree = "<group>";
		};
		F62A7A552B48700A002A7E25 /* Products */ = {
			isa = PBXGroup;
			children = (
				F62A7A542B48700A002A7E25 /* ClimateClock.app */,
				F62A7A642B48700B002A7E25 /* ClimateClock Watch App.app */,
				F62A7AB22B487134002A7E25 /* Deadline ComplicationExtension.appex */,
			);
			name = Products;
			sourceTree = "<group>";
		};
		F62A7A562B48700A002A7E25 /* ClimateClock */ = {
			isa = PBXGroup;
			children = (
				F62A7A572B48700A002A7E25 /* ClimateClockApp.swift */,
				F62A7A592B48700A002A7E25 /* ContentView.swift */,
				F62A7A5B2B48700B002A7E25 /* Assets.xcassets */,
				F62A7A5D2B48700B002A7E25 /* Preview Content */,
			);
			path = ClimateClock;
			sourceTree = "<group>";
		};
		F62A7A5D2B48700B002A7E25 /* Preview Content */ = {
			isa = PBXGroup;
			children = (
				F62A7A5E2B48700B002A7E25 /* Preview Assets.xcassets */,
			);
			path = "Preview Content";
			sourceTree = "<group>";
		};
		F62A7A682B48700B002A7E25 /* ClimateClock Watch App */ = {
			isa = PBXGroup;
			children = (
				F6256D982BF3BA470012FD30 /* Tabs */,
				F6D315EA2BBDC34100C75299 /* Utilities */,
				F6C570982B7D02670001DCE7 /* Views */,
				F6C570932B7D00130001DCE7 /* Screens */,
				F62DCB852B7BD4BD00855D88 /* ClimateClock-Watch-App-Info.plist */,
				F62A7A692B48700B002A7E25 /* App.ClimateClock.swift */,
				F62A7A6B2B48700B002A7E25 /* ContentView.swift */,
				F60B29AC2B8F91F900E41091 /* Solar Analogue.watchface */,
				F62A7A6D2B48700C002A7E25 /* Assets.xcassets */,
				F62A7A6F2B48700C002A7E25 /* Preview Content */,
			);
			path = "ClimateClock Watch App";
			sourceTree = "<group>";
		};
		F62A7A6F2B48700C002A7E25 /* Preview Content */ = {
			isa = PBXGroup;
			children = (
				F62A7A702B48700C002A7E25 /* Preview Assets.xcassets */,
			);
			path = "Preview Content";
			sourceTree = "<group>";
		};
		F62A7A802B487048002A7E25 /* Frameworks */ = {
			isa = PBXGroup;
			children = (
				F62A7A812B487048002A7E25 /* WidgetKit.framework */,
				F62A7A832B487048002A7E25 /* SwiftUI.framework */,
			);
			name = Frameworks;
			sourceTree = "<group>";
		};
		F62A7AB52B487134002A7E25 /* Deadline Complication */ = {
			isa = PBXGroup;
			children = (
				F64C7ADA2B9F137300E40BB6 /* Complications */,
				F62A7AB62B487134002A7E25 /* Deadline_Complication.swift */,
				F62A7AB82B487134002A7E25 /* AppIntent.swift */,
				F62A7ABA2B487136002A7E25 /* Assets.xcassets */,
				F62A7ABC2B487136002A7E25 /* Info.plist */,
				F62A7AC32B496B73002A7E25 /* ClimateClockAPIFetch.swift */,
			);
			path = "Deadline Complication";
			sourceTree = "<group>";
		};
		F62DCB7F2B7BD26C00855D88 /* Shared */ = {
			isa = PBXGroup;
			children = (
				F60B29B02B8F9C0D00E41091 /* Model */,
				F60B29A52B8F8D3500E41091 /* Utilities */,
				F62DCB802B7BD27400855D88 /* fonts */,
				F6256D8C2BF39FE10012FD30 /* Client.swift */,
			);
			path = Shared;
			sourceTree = "<group>";
		};
		F62DCB802B7BD27400855D88 /* fonts */ = {
			isa = PBXGroup;
			children = (
				F6CCBC9E2BD11B7600EB80C2 /* OswaldVF.ttf */,
				F6D315E62BBDB9E500C75299 /* Assistant-VariableFont_wght.ttf */,
				F6D315E22BBDB98D00C75299 /* Oswald-VariableFont_wght.ttf */,
			);
			path = fonts;
			sourceTree = "<group>";
		};
		F62EED5B2BBB2E5C00352E46 /* Managers */ = {
			isa = PBXGroup;
			children = (
				F62EED592BBB2E5C00352E46 /* NetworkManager.swift */,
			);
			path = Managers;
			sourceTree = "<group>";
		};
		F64C7ADA2B9F137300E40BB6 /* Complications */ = {
			isa = PBXGroup;
			children = (
				F64C7ADB2B9F139900E40BB6 /* LifelineComplication.swift */,
				F64C7ADD2B9F157900E40BB6 /* LifelineModel.swift */,
			);
			path = Complications;
			sourceTree = "<group>";
		};
		F673949C2BBC3FC400B7258D /* Alert */ = {
			isa = PBXGroup;
			children = (
				F62EED5A2BBB2E5C00352E46 /* CCError.swift */,
				F673949D2BBC3FD900B7258D /* Alert.swift */,
			);
			path = Alert;
			sourceTree = "<group>";
		};
		F6C570932B7D00130001DCE7 /* Screens */ = {
			isa = PBXGroup;
			children = (
				F6C570962B7D00320001DCE7 /* GraphViewModel.swift */,
				F6C570942B7D00240001DCE7 /* GraphView.swift */,
				F672CA442B7D4F4100FAA4B4 /* CountdownView.swift */,
				F60B29A12B8F7FA600E41091 /* AboutView.swift */,
				F60B29A32B8F837500E41091 /* NewsView.swift */,
				F6CCBCA22BD170F700EB80C2 /* TabTitle.swift */,
			);
			path = Screens;
			sourceTree = "<group>";
		};
		F6C570982B7D02670001DCE7 /* Views */ = {
			isa = PBXGroup;
			children = (
				F6C570992B7D027C0001DCE7 /* PredictionModel.swift */,
				F67BD67F2B7D2C590015ECBE /* Graph.swift */,
				F6D315E02BBD85FD00C75299 /* NewsListItem.swift */,
			);
			path = Views;
			sourceTree = "<group>";
		};
		F6D315EA2BBDC34100C75299 /* Utilities */ = {
			isa = PBXGroup;
			children = (
				F6D315EB2BBDC34E00C75299 /* NotificationManager.swift */,
			);
			path = Utilities;
			sourceTree = "<group>";
		};
/* End PBXGroup section */

/* Begin PBXNativeTarget section */
		F62A7A532B48700A002A7E25 /* ClimateClock */ = {
			isa = PBXNativeTarget;
			buildConfigurationList = F62A7A782B48700C002A7E25 /* Build configuration list for PBXNativeTarget "ClimateClock" */;
			buildPhases = (
				F62A7A502B48700A002A7E25 /* Sources */,
				F62A7A512B48700A002A7E25 /* Frameworks */,
				F62A7A522B48700A002A7E25 /* Resources */,
				F62A7A772B48700C002A7E25 /* Embed Watch Content */,
				F62A7AAD2B48708E002A7E25 /* Embed Foundation Extensions */,
			);
			buildRules = (
			);
			dependencies = (
				F62A7A672B48700B002A7E25 /* PBXTargetDependency */,
			);
			name = ClimateClock;
			productName = ClimateClock;
			productReference = F62A7A542B48700A002A7E25 /* ClimateClock.app */;
			productType = "com.apple.product-type.application";
		};
		F62A7A632B48700B002A7E25 /* ClimateClock Watch App */ = {
			isa = PBXNativeTarget;
			buildConfigurationList = F62A7A742B48700C002A7E25 /* Build configuration list for PBXNativeTarget "ClimateClock Watch App" */;
			buildPhases = (
				F62A7A602B48700B002A7E25 /* Sources */,
				F62A7A612B48700B002A7E25 /* Frameworks */,
				F62A7A622B48700B002A7E25 /* Resources */,
				F62A7A932B48704A002A7E25 /* Embed Foundation Extensions */,
			);
			buildRules = (
			);
			dependencies = (
				F62A7ABE2B487136002A7E25 /* PBXTargetDependency */,
			);
			name = "ClimateClock Watch App";
			packageProductDependencies = (
			);
			productName = "ClimateClock Watch App";
			productReference = F62A7A642B48700B002A7E25 /* ClimateClock Watch App.app */;
			productType = "com.apple.product-type.application";
		};
		F62A7AB12B487134002A7E25 /* Deadline ComplicationExtension */ = {
			isa = PBXNativeTarget;
			buildConfigurationList = F62A7AC02B487136002A7E25 /* Build configuration list for PBXNativeTarget "Deadline ComplicationExtension" */;
			buildPhases = (
				F62A7AAE2B487134002A7E25 /* Sources */,
				F62A7AAF2B487134002A7E25 /* Frameworks */,
				F62A7AB02B487134002A7E25 /* Resources */,
			);
			buildRules = (
			);
			dependencies = (
			);
			name = "Deadline ComplicationExtension";
			productName = "Deadline ComplicationExtension";
			productReference = F62A7AB22B487134002A7E25 /* Deadline ComplicationExtension.appex */;
			productType = "com.apple.product-type.app-extension";
		};
/* End PBXNativeTarget section */

/* Begin PBXProject section */
		F62A7A4C2B48700A002A7E25 /* Project object */ = {
			isa = PBXProject;
			attributes = {
				BuildIndependentTargetsInParallel = 1;
				LastSwiftUpdateCheck = 1510;
				LastUpgradeCheck = 1520;
				TargetAttributes = {
					F62A7A532B48700A002A7E25 = {
						CreatedOnToolsVersion = 15.1;
					};
					F62A7A632B48700B002A7E25 = {
						CreatedOnToolsVersion = 15.1;
					};
					F62A7AB12B487134002A7E25 = {
						CreatedOnToolsVersion = 15.1;
					};
				};
			};
			buildConfigurationList = F62A7A4F2B48700A002A7E25 /* Build configuration list for PBXProject "ClimateClock" */;
			compatibilityVersion = "Xcode 14.0";
			developmentRegion = en;
			hasScannedForEncodings = 0;
			knownRegions = (
				en,
				Base,
			);
			mainGroup = F62A7A4B2B48700A002A7E25;
			packageReferences = (
			);
			productRefGroup = F62A7A552B48700A002A7E25 /* Products */;
			projectDirPath = "";
			projectRoot = "";
			targets = (
				F62A7A532B48700A002A7E25 /* ClimateClock */,
				F62A7A632B48700B002A7E25 /* ClimateClock Watch App */,
				F62A7AB12B487134002A7E25 /* Deadline ComplicationExtension */,
			);
		};
/* End PBXProject section */

/* Begin PBXResourcesBuildPhase section */
		F62A7A522B48700A002A7E25 /* Resources */ = {
			isa = PBXResourcesBuildPhase;
			buildActionMask = 2147483647;
			files = (
				F60B29AD2B8F91F900E41091 /* Solar Analogue.watchface in Resources */,
				F6D315E72BBDB9E500C75299 /* Assistant-VariableFont_wght.ttf in Resources */,
				F6CCBC9F2BD11B7600EB80C2 /* OswaldVF.ttf in Resources */,
				F62A7A5F2B48700B002A7E25 /* Preview Assets.xcassets in Resources */,
				F6D315E32BBDB98D00C75299 /* Oswald-VariableFont_wght.ttf in Resources */,
				F62A7A5C2B48700B002A7E25 /* Assets.xcassets in Resources */,
			);
			runOnlyForDeploymentPostprocessing = 0;
		};
		F62A7A622B48700B002A7E25 /* Resources */ = {
			isa = PBXResourcesBuildPhase;
			buildActionMask = 2147483647;
			files = (
				F62A7A712B48700C002A7E25 /* Preview Assets.xcassets in Resources */,
				F6D315E82BBDB9E500C75299 /* Assistant-VariableFont_wght.ttf in Resources */,
				F6CCBCA02BD11B7600EB80C2 /* OswaldVF.ttf in Resources */,
				F60B29AE2B8F91F900E41091 /* Solar Analogue.watchface in Resources */,
				F6D315E42BBDB98D00C75299 /* Oswald-VariableFont_wght.ttf in Resources */,
				F62A7A6E2B48700C002A7E25 /* Assets.xcassets in Resources */,
			);
			runOnlyForDeploymentPostprocessing = 0;
		};
		F62A7AB02B487134002A7E25 /* Resources */ = {
			isa = PBXResourcesBuildPhase;
			buildActionMask = 2147483647;
			files = (
				F6D315E92BBDB9E500C75299 /* Assistant-VariableFont_wght.ttf in Resources */,
				F6D315E52BBDB98D00C75299 /* Oswald-VariableFont_wght.ttf in Resources */,
				F6CCBCA12BD11B7600EB80C2 /* OswaldVF.ttf in Resources */,
				F60B29AF2B8F91F900E41091 /* Solar Analogue.watchface in Resources */,
				F62A7ABB2B487136002A7E25 /* Assets.xcassets in Resources */,
			);
			runOnlyForDeploymentPostprocessing = 0;
		};
/* End PBXResourcesBuildPhase section */

/* Begin PBXSourcesBuildPhase section */
		F62A7A502B48700A002A7E25 /* Sources */ = {
			isa = PBXSourcesBuildPhase;
			buildActionMask = 2147483647;
			files = (
				F62A7A5A2B48700A002A7E25 /* ContentView.swift in Sources */,
				F64C7ADE2B9F157900E40BB6 /* LifelineModel.swift in Sources */,
				F62A7AC42B496B73002A7E25 /* ClimateClockAPIFetch.swift in Sources */,
				F6D315EC2BBDC34E00C75299 /* NotificationManager.swift in Sources */,
				F60B29B22B8F9C1E00E41091 /* ClimateClockData.swift in Sources */,
				F62EED5C2BBB2E5C00352E46 /* NetworkManager.swift in Sources */,
				F62A7A582B48700A002A7E25 /* ClimateClockApp.swift in Sources */,
				F62EED5F2BBB2E5C00352E46 /* CCError.swift in Sources */,
				F6256D952BF3B2200012FD30 /* DataModels.swift in Sources */,
				F6256D8D2BF39FE10012FD30 /* Client.swift in Sources */,
				F64C7ADC2B9F139900E40BB6 /* LifelineComplication.swift in Sources */,
			);
			runOnlyForDeploymentPostprocessing = 0;
		};
		F62A7A602B48700B002A7E25 /* Sources */ = {
			isa = PBXSourcesBuildPhase;
			buildActionMask = 2147483647;
			files = (
				F6C570972B7D00320001DCE7 /* GraphViewModel.swift in Sources */,
				F60B29A42B8F837500E41091 /* NewsView.swift in Sources */,
				F6D315ED2BBDC34E00C75299 /* NotificationManager.swift in Sources */,
				F62A7A6C2B48700B002A7E25 /* ContentView.swift in Sources */,
				F62EED602BBB2E5C00352E46 /* CCError.swift in Sources */,
				F67BD6802B7D2C590015ECBE /* Graph.swift in Sources */,
				F672CA452B7D4F4100FAA4B4 /* CountdownView.swift in Sources */,
				F60B29A22B8F7FA600E41091 /* AboutView.swift in Sources */,
				F6256D8E2BF39FE10012FD30 /* Client.swift in Sources */,
				F62A7AC52B496B73002A7E25 /* ClimateClockAPIFetch.swift in Sources */,
				F6256D9B2BF3BB310012FD30 /* LifeLineCell.swift in Sources */,
				F60B29B32B8F9C1E00E41091 /* ClimateClockData.swift in Sources */,
				F6CCBCA32BD170F700EB80C2 /* TabTitle.swift in Sources */,
				F62A7A6A2B48700B002A7E25 /* App.ClimateClock.swift in Sources */,
				F62EED5D2BBB2E5C00352E46 /* NetworkManager.swift in Sources */,
				F6C5709A2B7D027C0001DCE7 /* PredictionModel.swift in Sources */,
				F6C570952B7D00240001DCE7 /* GraphView.swift in Sources */,
				F643B9502B8F7536006D1AC5 /* LifelineView.swift in Sources */,
				F673949E2BBC3FD900B7258D /* Alert.swift in Sources */,
				F6256D962BF3B2200012FD30 /* DataModels.swift in Sources */,
				F6D315E12BBD85FD00C75299 /* NewsListItem.swift in Sources */,
			);
			runOnlyForDeploymentPostprocessing = 0;
		};
		F62A7AAE2B487134002A7E25 /* Sources */ = {
			isa = PBXSourcesBuildPhase;
			buildActionMask = 2147483647;
			files = (
				F62A7AB72B487134002A7E25 /* Deadline_Complication.swift in Sources */,
				F62A7AC62B496B73002A7E25 /* ClimateClockAPIFetch.swift in Sources */,
				F62EED5E2BBB2E5C00352E46 /* NetworkManager.swift in Sources */,
				F60B29B42B8F9C1E00E41091 /* ClimateClockData.swift in Sources */,
				F6D315EE2BBDC34E00C75299 /* NotificationManager.swift in Sources */,
				F62EED612BBB2E5C00352E46 /* CCError.swift in Sources */,
				F6256D8F2BF39FE10012FD30 /* Client.swift in Sources */,
				F6256D972BF3B2200012FD30 /* DataModels.swift in Sources */,
				F62A7AB92B487134002A7E25 /* AppIntent.swift in Sources */,
			);
			runOnlyForDeploymentPostprocessing = 0;
		};
/* End PBXSourcesBuildPhase section */

/* Begin PBXTargetDependency section */
		F62A7A672B48700B002A7E25 /* PBXTargetDependency */ = {
			isa = PBXTargetDependency;
			target = F62A7A632B48700B002A7E25 /* ClimateClock Watch App */;
			targetProxy = F62A7A662B48700B002A7E25 /* PBXContainerItemProxy */;
		};
		F62A7ABE2B487136002A7E25 /* PBXTargetDependency */ = {
			isa = PBXTargetDependency;
			target = F62A7AB12B487134002A7E25 /* Deadline ComplicationExtension */;
			targetProxy = F62A7ABD2B487136002A7E25 /* PBXContainerItemProxy */;
		};
/* End PBXTargetDependency section */

/* Begin XCBuildConfiguration section */
		F62A7A722B48700C002A7E25 /* Debug */ = {
			isa = XCBuildConfiguration;
			buildSettings = {
				ALWAYS_SEARCH_USER_PATHS = NO;
				ASSETCATALOG_COMPILER_GENERATE_SWIFT_ASSET_SYMBOL_EXTENSIONS = YES;
				CLANG_ANALYZER_NONNULL = YES;
				CLANG_ANALYZER_NUMBER_OBJECT_CONVERSION = YES_AGGRESSIVE;
				CLANG_CXX_LANGUAGE_STANDARD = "gnu++20";
				CLANG_ENABLE_MODULES = YES;
				CLANG_ENABLE_OBJC_ARC = YES;
				CLANG_ENABLE_OBJC_WEAK = YES;
				CLANG_WARN_BLOCK_CAPTURE_AUTORELEASING = YES;
				CLANG_WARN_BOOL_CONVERSION = YES;
				CLANG_WARN_COMMA = YES;
				CLANG_WARN_CONSTANT_CONVERSION = YES;
				CLANG_WARN_DEPRECATED_OBJC_IMPLEMENTATIONS = YES;
				CLANG_WARN_DIRECT_OBJC_ISA_USAGE = YES_ERROR;
				CLANG_WARN_DOCUMENTATION_COMMENTS = YES;
				CLANG_WARN_EMPTY_BODY = YES;
				CLANG_WARN_ENUM_CONVERSION = YES;
				CLANG_WARN_INFINITE_RECURSION = YES;
				CLANG_WARN_INT_CONVERSION = YES;
				CLANG_WARN_NON_LITERAL_NULL_CONVERSION = YES;
				CLANG_WARN_OBJC_IMPLICIT_RETAIN_SELF = YES;
				CLANG_WARN_OBJC_LITERAL_CONVERSION = YES;
				CLANG_WARN_OBJC_ROOT_CLASS = YES_ERROR;
				CLANG_WARN_QUOTED_INCLUDE_IN_FRAMEWORK_HEADER = YES;
				CLANG_WARN_RANGE_LOOP_ANALYSIS = YES;
				CLANG_WARN_STRICT_PROTOTYPES = YES;
				CLANG_WARN_SUSPICIOUS_MOVE = YES;
				CLANG_WARN_UNGUARDED_AVAILABILITY = YES_AGGRESSIVE;
				CLANG_WARN_UNREACHABLE_CODE = YES;
				CLANG_WARN__DUPLICATE_METHOD_MATCH = YES;
				COPY_PHASE_STRIP = NO;
				DEAD_CODE_STRIPPING = YES;
				DEBUG_INFORMATION_FORMAT = dwarf;
				ENABLE_STRICT_OBJC_MSGSEND = YES;
				ENABLE_TESTABILITY = YES;
				ENABLE_USER_SCRIPT_SANDBOXING = YES;
				GCC_C_LANGUAGE_STANDARD = gnu17;
				GCC_DYNAMIC_NO_PIC = NO;
				GCC_NO_COMMON_BLOCKS = YES;
				GCC_OPTIMIZATION_LEVEL = 0;
				GCC_PREPROCESSOR_DEFINITIONS = (
					"DEBUG=1",
					"$(inherited)",
				);
				GCC_WARN_64_TO_32_BIT_CONVERSION = YES;
				GCC_WARN_ABOUT_RETURN_TYPE = YES_ERROR;
				GCC_WARN_UNDECLARED_SELECTOR = YES;
				GCC_WARN_UNINITIALIZED_AUTOS = YES_AGGRESSIVE;
				GCC_WARN_UNUSED_FUNCTION = YES;
				GCC_WARN_UNUSED_VARIABLE = YES;
				LOCALIZATION_PREFERS_STRING_CATALOGS = YES;
				MTL_ENABLE_DEBUG_INFO = INCLUDE_SOURCE;
				MTL_FAST_MATH = YES;
				ONLY_ACTIVE_ARCH = YES;
				SWIFT_ACTIVE_COMPILATION_CONDITIONS = "DEBUG $(inherited)";
				SWIFT_OPTIMIZATION_LEVEL = "-Onone";
			};
			name = Debug;
		};
		F62A7A732B48700C002A7E25 /* Release */ = {
			isa = XCBuildConfiguration;
			buildSettings = {
				ALWAYS_SEARCH_USER_PATHS = NO;
				ASSETCATALOG_COMPILER_GENERATE_SWIFT_ASSET_SYMBOL_EXTENSIONS = YES;
				CLANG_ANALYZER_NONNULL = YES;
				CLANG_ANALYZER_NUMBER_OBJECT_CONVERSION = YES_AGGRESSIVE;
				CLANG_CXX_LANGUAGE_STANDARD = "gnu++20";
				CLANG_ENABLE_MODULES = YES;
				CLANG_ENABLE_OBJC_ARC = YES;
				CLANG_ENABLE_OBJC_WEAK = YES;
				CLANG_WARN_BLOCK_CAPTURE_AUTORELEASING = YES;
				CLANG_WARN_BOOL_CONVERSION = YES;
				CLANG_WARN_COMMA = YES;
				CLANG_WARN_CONSTANT_CONVERSION = YES;
				CLANG_WARN_DEPRECATED_OBJC_IMPLEMENTATIONS = YES;
				CLANG_WARN_DIRECT_OBJC_ISA_USAGE = YES_ERROR;
				CLANG_WARN_DOCUMENTATION_COMMENTS = YES;
				CLANG_WARN_EMPTY_BODY = YES;
				CLANG_WARN_ENUM_CONVERSION = YES;
				CLANG_WARN_INFINITE_RECURSION = YES;
				CLANG_WARN_INT_CONVERSION = YES;
				CLANG_WARN_NON_LITERAL_NULL_CONVERSION = YES;
				CLANG_WARN_OBJC_IMPLICIT_RETAIN_SELF = YES;
				CLANG_WARN_OBJC_LITERAL_CONVERSION = YES;
				CLANG_WARN_OBJC_ROOT_CLASS = YES_ERROR;
				CLANG_WARN_QUOTED_INCLUDE_IN_FRAMEWORK_HEADER = YES;
				CLANG_WARN_RANGE_LOOP_ANALYSIS = YES;
				CLANG_WARN_STRICT_PROTOTYPES = YES;
				CLANG_WARN_SUSPICIOUS_MOVE = YES;
				CLANG_WARN_UNGUARDED_AVAILABILITY = YES_AGGRESSIVE;
				CLANG_WARN_UNREACHABLE_CODE = YES;
				CLANG_WARN__DUPLICATE_METHOD_MATCH = YES;
				COPY_PHASE_STRIP = NO;
				DEAD_CODE_STRIPPING = YES;
				DEBUG_INFORMATION_FORMAT = "dwarf-with-dsym";
				ENABLE_NS_ASSERTIONS = NO;
				ENABLE_STRICT_OBJC_MSGSEND = YES;
				ENABLE_USER_SCRIPT_SANDBOXING = YES;
				GCC_C_LANGUAGE_STANDARD = gnu17;
				GCC_NO_COMMON_BLOCKS = YES;
				GCC_WARN_64_TO_32_BIT_CONVERSION = YES;
				GCC_WARN_ABOUT_RETURN_TYPE = YES_ERROR;
				GCC_WARN_UNDECLARED_SELECTOR = YES;
				GCC_WARN_UNINITIALIZED_AUTOS = YES_AGGRESSIVE;
				GCC_WARN_UNUSED_FUNCTION = YES;
				GCC_WARN_UNUSED_VARIABLE = YES;
				LOCALIZATION_PREFERS_STRING_CATALOGS = YES;
				MTL_ENABLE_DEBUG_INFO = NO;
				MTL_FAST_MATH = YES;
				SWIFT_COMPILATION_MODE = wholemodule;
			};
			name = Release;
		};
		F62A7A752B48700C002A7E25 /* Debug */ = {
			isa = XCBuildConfiguration;
			buildSettings = {
				ALWAYS_EMBED_SWIFT_STANDARD_LIBRARIES = YES;
				ASSETCATALOG_COMPILER_APPICON_NAME = AppIcon;
				ASSETCATALOG_COMPILER_GLOBAL_ACCENT_COLOR_NAME = AccentColor;
				CODE_SIGN_STYLE = Automatic;
				CURRENT_PROJECT_VERSION = 1;
				DEVELOPMENT_ASSET_PATHS = "\"ClimateClock Watch App/Preview Content\"";
				DEVELOPMENT_TEAM = XNG76666AC;
				ENABLE_PREVIEWS = YES;
				GENERATE_INFOPLIST_FILE = YES;
				INFOPLIST_FILE = "ClimateClock-Watch-App-Info.plist";
				INFOPLIST_KEY_CFBundleDisplayName = "Climate Clock Watch App Bundle Name";
				INFOPLIST_KEY_UISupportedInterfaceOrientations = "UIInterfaceOrientationPortrait UIInterfaceOrientationPortraitUpsideDown";
				INFOPLIST_KEY_WKCompanionAppBundleIdentifier = design.woven.ClimateClock;
				INFOPLIST_KEY_WKRunsIndependentlyOfCompanionApp = YES;
				LD_RUNPATH_SEARCH_PATHS = (
					"$(inherited)",
					"@executable_path/Frameworks",
				);
				MARKETING_VERSION = 1.0;
				PRODUCT_BUNDLE_IDENTIFIER = design.woven.ClimateClock.watchkitapp;
				PRODUCT_NAME = "$(TARGET_NAME)";
				SDKROOT = watchos;
				SKIP_INSTALL = YES;
				SWIFT_EMIT_LOC_STRINGS = YES;
				SWIFT_VERSION = 5.0;
				TARGETED_DEVICE_FAMILY = 4;
				WATCHOS_DEPLOYMENT_TARGET = 10.4;
			};
			name = Debug;
		};
		F62A7A762B48700C002A7E25 /* Release */ = {
			isa = XCBuildConfiguration;
			buildSettings = {
				ALWAYS_EMBED_SWIFT_STANDARD_LIBRARIES = YES;
				ASSETCATALOG_COMPILER_APPICON_NAME = AppIcon;
				ASSETCATALOG_COMPILER_GLOBAL_ACCENT_COLOR_NAME = AccentColor;
				CODE_SIGN_STYLE = Automatic;
				CURRENT_PROJECT_VERSION = 1;
				DEVELOPMENT_ASSET_PATHS = "\"ClimateClock Watch App/Preview Content\"";
				DEVELOPMENT_TEAM = XNG76666AC;
				ENABLE_PREVIEWS = YES;
				GENERATE_INFOPLIST_FILE = YES;
				INFOPLIST_FILE = "ClimateClock-Watch-App-Info.plist";
				INFOPLIST_KEY_CFBundleDisplayName = "Climate Clock Watch App Bundle Name";
				INFOPLIST_KEY_UISupportedInterfaceOrientations = "UIInterfaceOrientationPortrait UIInterfaceOrientationPortraitUpsideDown";
				INFOPLIST_KEY_WKCompanionAppBundleIdentifier = design.woven.ClimateClock;
				INFOPLIST_KEY_WKRunsIndependentlyOfCompanionApp = YES;
				LD_RUNPATH_SEARCH_PATHS = (
					"$(inherited)",
					"@executable_path/Frameworks",
				);
				MARKETING_VERSION = 1.0;
				PRODUCT_BUNDLE_IDENTIFIER = design.woven.ClimateClock.watchkitapp;
				PRODUCT_NAME = "$(TARGET_NAME)";
				SDKROOT = watchos;
				SKIP_INSTALL = YES;
				SWIFT_EMIT_LOC_STRINGS = YES;
				SWIFT_VERSION = 5.0;
				TARGETED_DEVICE_FAMILY = 4;
				VALIDATE_PRODUCT = YES;
				WATCHOS_DEPLOYMENT_TARGET = 10.4;
			};
			name = Release;
		};
		F62A7A792B48700C002A7E25 /* Debug */ = {
			isa = XCBuildConfiguration;
			buildSettings = {
				ALWAYS_EMBED_SWIFT_STANDARD_LIBRARIES = YES;
				ASSETCATALOG_COMPILER_APPICON_NAME = AppIcon;
				ASSETCATALOG_COMPILER_GLOBAL_ACCENT_COLOR_NAME = AccentColor;
				CODE_SIGN_STYLE = Automatic;
				CURRENT_PROJECT_VERSION = 1;
				DEVELOPMENT_ASSET_PATHS = "\"ClimateClock/Preview Content\"";
				DEVELOPMENT_TEAM = XNG76666AC;
				ENABLE_PREVIEWS = YES;
				GENERATE_INFOPLIST_FILE = YES;
				INFOPLIST_KEY_CFBundleDisplayName = ClimateClock;
				INFOPLIST_KEY_UIApplicationSceneManifest_Generation = YES;
				INFOPLIST_KEY_UIApplicationSupportsIndirectInputEvents = YES;
				INFOPLIST_KEY_UILaunchScreen_Generation = YES;
				INFOPLIST_KEY_UISupportedInterfaceOrientations_iPad = "UIInterfaceOrientationPortrait UIInterfaceOrientationPortraitUpsideDown UIInterfaceOrientationLandscapeLeft UIInterfaceOrientationLandscapeRight";
				INFOPLIST_KEY_UISupportedInterfaceOrientations_iPhone = "UIInterfaceOrientationPortrait UIInterfaceOrientationLandscapeLeft UIInterfaceOrientationLandscapeRight";
				IPHONEOS_DEPLOYMENT_TARGET = 17.2;
				LD_RUNPATH_SEARCH_PATHS = (
					"$(inherited)",
					"@executable_path/Frameworks",
				);
				MARKETING_VERSION = 1.0;
				PRODUCT_BUNDLE_IDENTIFIER = design.woven.ClimateClock;
				PRODUCT_NAME = "$(TARGET_NAME)";
				SDKROOT = iphoneos;
				SWIFT_EMIT_LOC_STRINGS = YES;
				SWIFT_VERSION = 5.0;
				TARGETED_DEVICE_FAMILY = "1,2";
			};
			name = Debug;
		};
		F62A7A7A2B48700C002A7E25 /* Release */ = {
			isa = XCBuildConfiguration;
			buildSettings = {
				ALWAYS_EMBED_SWIFT_STANDARD_LIBRARIES = YES;
				ASSETCATALOG_COMPILER_APPICON_NAME = AppIcon;
				ASSETCATALOG_COMPILER_GLOBAL_ACCENT_COLOR_NAME = AccentColor;
				CODE_SIGN_STYLE = Automatic;
				CURRENT_PROJECT_VERSION = 1;
				DEVELOPMENT_ASSET_PATHS = "\"ClimateClock/Preview Content\"";
				DEVELOPMENT_TEAM = XNG76666AC;
				ENABLE_PREVIEWS = YES;
				GENERATE_INFOPLIST_FILE = YES;
				INFOPLIST_KEY_CFBundleDisplayName = ClimateClock;
				INFOPLIST_KEY_UIApplicationSceneManifest_Generation = YES;
				INFOPLIST_KEY_UIApplicationSupportsIndirectInputEvents = YES;
				INFOPLIST_KEY_UILaunchScreen_Generation = YES;
				INFOPLIST_KEY_UISupportedInterfaceOrientations_iPad = "UIInterfaceOrientationPortrait UIInterfaceOrientationPortraitUpsideDown UIInterfaceOrientationLandscapeLeft UIInterfaceOrientationLandscapeRight";
				INFOPLIST_KEY_UISupportedInterfaceOrientations_iPhone = "UIInterfaceOrientationPortrait UIInterfaceOrientationLandscapeLeft UIInterfaceOrientationLandscapeRight";
				IPHONEOS_DEPLOYMENT_TARGET = 17.2;
				LD_RUNPATH_SEARCH_PATHS = (
					"$(inherited)",
					"@executable_path/Frameworks",
				);
				MARKETING_VERSION = 1.0;
				PRODUCT_BUNDLE_IDENTIFIER = design.woven.ClimateClock;
				PRODUCT_NAME = "$(TARGET_NAME)";
				SDKROOT = iphoneos;
				SWIFT_EMIT_LOC_STRINGS = YES;
				SWIFT_VERSION = 5.0;
				TARGETED_DEVICE_FAMILY = "1,2";
				VALIDATE_PRODUCT = YES;
			};
			name = Release;
		};
		F62A7AC12B487136002A7E25 /* Debug */ = {
			isa = XCBuildConfiguration;
			buildSettings = {
				ASSETCATALOG_COMPILER_GLOBAL_ACCENT_COLOR_NAME = AccentColor;
				ASSETCATALOG_COMPILER_WIDGET_BACKGROUND_COLOR_NAME = WidgetBackground;
				CODE_SIGN_STYLE = Automatic;
				CURRENT_PROJECT_VERSION = 1;
				DEVELOPMENT_TEAM = XNG76666AC;
				GENERATE_INFOPLIST_FILE = YES;
				INFOPLIST_FILE = "Deadline Complication/Info.plist";
				INFOPLIST_KEY_CFBundleDisplayName = "Deadline Complication";
				INFOPLIST_KEY_NSHumanReadableCopyright = "";
				LD_RUNPATH_SEARCH_PATHS = (
					"$(inherited)",
					"@executable_path/Frameworks",
					"@executable_path/../../Frameworks",
					"@executable_path/../../../../Frameworks",
				);
				MARKETING_VERSION = 1.0;
				PRODUCT_BUNDLE_IDENTIFIER = "design.woven.ClimateClock.watchkitapp.Deadline-Complication";
				PRODUCT_NAME = "$(TARGET_NAME)";
				SDKROOT = watchos;
				SKIP_INSTALL = YES;
				SWIFT_EMIT_LOC_STRINGS = YES;
				SWIFT_VERSION = 5.0;
				TARGETED_DEVICE_FAMILY = 4;
				WATCHOS_DEPLOYMENT_TARGET = 10.2;
			};
			name = Debug;
		};
		F62A7AC22B487136002A7E25 /* Release */ = {
			isa = XCBuildConfiguration;
			buildSettings = {
				ASSETCATALOG_COMPILER_GLOBAL_ACCENT_COLOR_NAME = AccentColor;
				ASSETCATALOG_COMPILER_WIDGET_BACKGROUND_COLOR_NAME = WidgetBackground;
				CODE_SIGN_STYLE = Automatic;
				CURRENT_PROJECT_VERSION = 1;
				DEVELOPMENT_TEAM = XNG76666AC;
				GENERATE_INFOPLIST_FILE = YES;
				INFOPLIST_FILE = "Deadline Complication/Info.plist";
				INFOPLIST_KEY_CFBundleDisplayName = "Deadline Complication";
				INFOPLIST_KEY_NSHumanReadableCopyright = "";
				LD_RUNPATH_SEARCH_PATHS = (
					"$(inherited)",
					"@executable_path/Frameworks",
					"@executable_path/../../Frameworks",
					"@executable_path/../../../../Frameworks",
				);
				MARKETING_VERSION = 1.0;
				PRODUCT_BUNDLE_IDENTIFIER = "design.woven.ClimateClock.watchkitapp.Deadline-Complication";
				PRODUCT_NAME = "$(TARGET_NAME)";
				SDKROOT = watchos;
				SKIP_INSTALL = YES;
				SWIFT_EMIT_LOC_STRINGS = YES;
				SWIFT_VERSION = 5.0;
				TARGETED_DEVICE_FAMILY = 4;
				VALIDATE_PRODUCT = YES;
				WATCHOS_DEPLOYMENT_TARGET = 10.2;
			};
			name = Release;
		};
/* End XCBuildConfiguration section */

/* Begin XCConfigurationList section */
		F62A7A4F2B48700A002A7E25 /* Build configuration list for PBXProject "ClimateClock" */ = {
			isa = XCConfigurationList;
			buildConfigurations = (
				F62A7A722B48700C002A7E25 /* Debug */,
				F62A7A732B48700C002A7E25 /* Release */,
			);
			defaultConfigurationIsVisible = 0;
			defaultConfigurationName = Release;
		};
		F62A7A742B48700C002A7E25 /* Build configuration list for PBXNativeTarget "ClimateClock Watch App" */ = {
			isa = XCConfigurationList;
			buildConfigurations = (
				F62A7A752B48700C002A7E25 /* Debug */,
				F62A7A762B48700C002A7E25 /* Release */,
			);
			defaultConfigurationIsVisible = 0;
			defaultConfigurationName = Release;
		};
		F62A7A782B48700C002A7E25 /* Build configuration list for PBXNativeTarget "ClimateClock" */ = {
			isa = XCConfigurationList;
			buildConfigurations = (
				F62A7A792B48700C002A7E25 /* Debug */,
				F62A7A7A2B48700C002A7E25 /* Release */,
			);
			defaultConfigurationIsVisible = 0;
			defaultConfigurationName = Release;
		};
		F62A7AC02B487136002A7E25 /* Build configuration list for PBXNativeTarget "Deadline ComplicationExtension" */ = {
			isa = XCConfigurationList;
			buildConfigurations = (
				F62A7AC12B487136002A7E25 /* Debug */,
				F62A7AC22B487136002A7E25 /* Release */,
			);
			defaultConfigurationIsVisible = 0;
			defaultConfigurationName = Release;
		};
/* End XCConfigurationList section */
	};
	rootObject = F62A7A4C2B48700A002A7E25 /* Project object */;
}
